// !$*UTF8*$!
{
	archiveVersion = 1;
	classes = {
	};
	objectVersion = 48;
	objects = {

/* Begin PBXBuildFile section */
		1A3303E820872DE60062E1ED /* UIColor+rgb.m in Sources */ = {isa = PBXBuildFile; fileRef = 1A3303E720872DE60062E1ED /* UIColor+rgb.m */; };
		1A3303EB20874ABC0062E1ED /* PickShowTypeVC.m in Sources */ = {isa = PBXBuildFile; fileRef = 1A3303EA20874ABC0062E1ED /* PickShowTypeVC.m */; };
		1A36078E208F162900572AB8 /* UIAlertController+AFSEAlertGenerator.m in Sources */ = {isa = PBXBuildFile; fileRef = 1A36078D208F162900572AB8 /* UIAlertController+AFSEAlertGenerator.m */; };
		1A360790208F211700572AB8 /* Assets.xcassets in Resources */ = {isa = PBXBuildFile; fileRef = 1A36078F208F211700572AB8 /* Assets.xcassets */; };
		1A360794209069FE00572AB8 /* ShowsCell.xib in Resources */ = {isa = PBXBuildFile; fileRef = 1A360793209069FE00572AB8 /* ShowsCell.xib */; };
		1A3CBA962096E9B000718417 /* AFSETvMazeViewController.m in Sources */ = {isa = PBXBuildFile; fileRef = 1A3CBA952096E9B000718417 /* AFSETvMazeViewController.m */; };
		1A3CBA992096F7FD00718417 /* AFSETvMazeDetailsVC.m in Sources */ = {isa = PBXBuildFile; fileRef = 1A3CBA982096F7FD00718417 /* AFSETvMazeDetailsVC.m */; };
		1A3CBA9C20970A0000718417 /* AFSEShowGroup.m in Sources */ = {isa = PBXBuildFile; fileRef = 1A3CBA9B20970A0000718417 /* AFSEShowGroup.m */; };
		1A3CBA9F2097496300718417 /* AFSEGenreModel.m in Sources */ = {isa = PBXBuildFile; fileRef = 1A3CBA9E2097496300718417 /* AFSEGenreModel.m */; };
		1A3E0CC82080B641006DB87A /* NSString_stripHtml.m in Sources */ = {isa = PBXBuildFile; fileRef = 1A3E0CC62080B641006DB87A /* NSString_stripHtml.m */; };
		1A3F8DC5207E0070000F4C8A /* Movie.m in Sources */ = {isa = PBXBuildFile; fileRef = 1A3F8DC4207E0070000F4C8A /* Movie.m */; };
		1A3F8DC8207E009C000F4C8A /* TVSeries.m in Sources */ = {isa = PBXBuildFile; fileRef = 1A3F8DC7207E009C000F4C8A /* TVSeries.m */; };
		1A47C1882072058200D63753 /* AppDelegate.m in Sources */ = {isa = PBXBuildFile; fileRef = 1A47C1872072058200D63753 /* AppDelegate.m */; };
		1A47C18B2072058200D63753 /* SearchVC.m in Sources */ = {isa = PBXBuildFile; fileRef = 1A47C18A2072058200D63753 /* SearchVC.m */; };
		1A47C18E2072058200D63753 /* Main.storyboard in Resources */ = {isa = PBXBuildFile; fileRef = 1A47C18C2072058200D63753 /* Main.storyboard */; };
		1A47C1932072058200D63753 /* LaunchScreen.storyboard in Resources */ = {isa = PBXBuildFile; fileRef = 1A47C1912072058200D63753 /* LaunchScreen.storyboard */; };
		1A47C1962072058300D63753 /* main.m in Sources */ = {isa = PBXBuildFile; fileRef = 1A47C1952072058300D63753 /* main.m */; };
		1A47C1A02072058300D63753 /* TVShowsOnTableTests.m in Sources */ = {isa = PBXBuildFile; fileRef = 1A47C19F2072058300D63753 /* TVShowsOnTableTests.m */; };
		1A47C1AB2072058300D63753 /* TVShowsOnTableUITests.m in Sources */ = {isa = PBXBuildFile; fileRef = 1A47C1AA2072058300D63753 /* TVShowsOnTableUITests.m */; };
		1A47C1BA2072076E00D63753 /* TVShowsCell.m in Sources */ = {isa = PBXBuildFile; fileRef = 1A47C1B92072076E00D63753 /* TVShowsCell.m */; };
		1A47C1C32072321500D63753 /* DetailsViewController.m in Sources */ = {isa = PBXBuildFile; fileRef = 1A47C1C22072321500D63753 /* DetailsViewController.m */; };
		1AC5D19820736690002FB850 /* Show.m in Sources */ = {isa = PBXBuildFile; fileRef = 1AC5D19720736690002FB850 /* Show.m */; };
		1AF62F3D2074C95A005FC411 /* showData.json in Resources */ = {isa = PBXBuildFile; fileRef = 1AF62F3A2074B167005FC411 /* showData.json */; };
/* End PBXBuildFile section */

/* Begin PBXContainerItemProxy section */
		1A47C19C2072058300D63753 /* PBXContainerItemProxy */ = {
			isa = PBXContainerItemProxy;
			containerPortal = 1A47C17B2072058200D63753 /* Project object */;
			proxyType = 1;
			remoteGlobalIDString = 1A47C1822072058200D63753;
			remoteInfo = TVShowsOnTable;
		};
		1A47C1A72072058300D63753 /* PBXContainerItemProxy */ = {
			isa = PBXContainerItemProxy;
			containerPortal = 1A47C17B2072058200D63753 /* Project object */;
			proxyType = 1;
			remoteGlobalIDString = 1A47C1822072058200D63753;
			remoteInfo = TVShowsOnTable;
		};
/* End PBXContainerItemProxy section */

/* Begin PBXFileReference section */
		1A3303E620872DE60062E1ED /* UIColor+rgb.h */ = {isa = PBXFileReference; lastKnownFileType = sourcecode.c.h; path = "UIColor+rgb.h"; sourceTree = "<group>"; };
		1A3303E720872DE60062E1ED /* UIColor+rgb.m */ = {isa = PBXFileReference; lastKnownFileType = sourcecode.c.objc; path = "UIColor+rgb.m"; sourceTree = "<group>"; };
		1A3303E920874ABC0062E1ED /* PickShowTypeVC.h */ = {isa = PBXFileReference; lastKnownFileType = sourcecode.c.h; path = PickShowTypeVC.h; sourceTree = "<group>"; };
		1A3303EA20874ABC0062E1ED /* PickShowTypeVC.m */ = {isa = PBXFileReference; lastKnownFileType = sourcecode.c.objc; path = PickShowTypeVC.m; sourceTree = "<group>"; };
		1A3303EE2087517C0062E1ED /* myViewDelegate.h */ = {isa = PBXFileReference; lastKnownFileType = sourcecode.c.h; path = myViewDelegate.h; sourceTree = "<group>"; };
		1A36078C208F162900572AB8 /* UIAlertController+AFSEAlertGenerator.h */ = {isa = PBXFileReference; lastKnownFileType = sourcecode.c.h; path = "UIAlertController+AFSEAlertGenerator.h"; sourceTree = "<group>"; };
		1A36078D208F162900572AB8 /* UIAlertController+AFSEAlertGenerator.m */ = {isa = PBXFileReference; lastKnownFileType = sourcecode.c.objc; path = "UIAlertController+AFSEAlertGenerator.m"; sourceTree = "<group>"; };
		1A36078F208F211700572AB8 /* Assets.xcassets */ = {isa = PBXFileReference; lastKnownFileType = folder.assetcatalog; path = Assets.xcassets; sourceTree = "<group>"; };
		1A360793209069FE00572AB8 /* ShowsCell.xib */ = {isa = PBXFileReference; lastKnownFileType = file.xib; path = ShowsCell.xib; sourceTree = "<group>"; };
		1A3CBA942096E9B000718417 /* AFSETvMazeViewController.h */ = {isa = PBXFileReference; lastKnownFileType = sourcecode.c.h; path = AFSETvMazeViewController.h; sourceTree = "<group>"; };
		1A3CBA952096E9B000718417 /* AFSETvMazeViewController.m */ = {isa = PBXFileReference; lastKnownFileType = sourcecode.c.objc; path = AFSETvMazeViewController.m; sourceTree = "<group>"; };
		1A3CBA972096F7FD00718417 /* AFSETvMazeDetailsVC.h */ = {isa = PBXFileReference; lastKnownFileType = sourcecode.c.h; path = AFSETvMazeDetailsVC.h; sourceTree = "<group>"; };
		1A3CBA982096F7FD00718417 /* AFSETvMazeDetailsVC.m */ = {isa = PBXFileReference; lastKnownFileType = sourcecode.c.objc; path = AFSETvMazeDetailsVC.m; sourceTree = "<group>"; };
		1A3CBA9A20970A0000718417 /* AFSEShowGroup.h */ = {isa = PBXFileReference; lastKnownFileType = sourcecode.c.h; path = AFSEShowGroup.h; sourceTree = "<group>"; };
		1A3CBA9B20970A0000718417 /* AFSEShowGroup.m */ = {isa = PBXFileReference; lastKnownFileType = sourcecode.c.objc; path = AFSEShowGroup.m; sourceTree = "<group>"; };
		1A3CBA9D2097496300718417 /* AFSEGenreModel.h */ = {isa = PBXFileReference; lastKnownFileType = sourcecode.c.h; path = AFSEGenreModel.h; sourceTree = "<group>"; };
		1A3CBA9E2097496300718417 /* AFSEGenreModel.m */ = {isa = PBXFileReference; lastKnownFileType = sourcecode.c.objc; path = AFSEGenreModel.m; sourceTree = "<group>"; };
		1A3E0CC62080B641006DB87A /* NSString_stripHtml.m */ = {isa = PBXFileReference; fileEncoding = 4; lastKnownFileType = sourcecode.c.objc; path = NSString_stripHtml.m; sourceTree = "<group>"; };
		1A3E0CC72080B641006DB87A /* NSString_stripHtml.h */ = {isa = PBXFileReference; fileEncoding = 4; lastKnownFileType = sourcecode.c.h; path = NSString_stripHtml.h; sourceTree = "<group>"; };
		1A3F8DC3207E0070000F4C8A /* Movie.h */ = {isa = PBXFileReference; lastKnownFileType = sourcecode.c.h; path = Movie.h; sourceTree = "<group>"; };
		1A3F8DC4207E0070000F4C8A /* Movie.m */ = {isa = PBXFileReference; lastKnownFileType = sourcecode.c.objc; path = Movie.m; sourceTree = "<group>"; };
		1A3F8DC6207E009C000F4C8A /* TVSeries.h */ = {isa = PBXFileReference; lastKnownFileType = sourcecode.c.h; path = TVSeries.h; sourceTree = "<group>"; };
		1A3F8DC7207E009C000F4C8A /* TVSeries.m */ = {isa = PBXFileReference; lastKnownFileType = sourcecode.c.objc; path = TVSeries.m; sourceTree = "<group>"; };
		1A47C1832072058200D63753 /* TVShowsOnTable.app */ = {isa = PBXFileReference; explicitFileType = wrapper.application; includeInIndex = 0; path = TVShowsOnTable.app; sourceTree = BUILT_PRODUCTS_DIR; };
		1A47C1862072058200D63753 /* AppDelegate.h */ = {isa = PBXFileReference; lastKnownFileType = sourcecode.c.h; path = AppDelegate.h; sourceTree = "<group>"; };
		1A47C1872072058200D63753 /* AppDelegate.m */ = {isa = PBXFileReference; lastKnownFileType = sourcecode.c.objc; path = AppDelegate.m; sourceTree = "<group>"; };
		1A47C1892072058200D63753 /* SearchVC.h */ = {isa = PBXFileReference; lastKnownFileType = sourcecode.c.h; path = SearchVC.h; sourceTree = "<group>"; };
		1A47C18A2072058200D63753 /* SearchVC.m */ = {isa = PBXFileReference; lastKnownFileType = sourcecode.c.objc; path = SearchVC.m; sourceTree = "<group>"; };
		1A47C18D2072058200D63753 /* Base */ = {isa = PBXFileReference; lastKnownFileType = file.storyboard; name = Base; path = Base.lproj/Main.storyboard; sourceTree = "<group>"; };
		1A47C1922072058200D63753 /* Base */ = {isa = PBXFileReference; lastKnownFileType = file.storyboard; name = Base; path = Base.lproj/LaunchScreen.storyboard; sourceTree = "<group>"; };
		1A47C1942072058300D63753 /* Info.plist */ = {isa = PBXFileReference; lastKnownFileType = text.plist.xml; path = Info.plist; sourceTree = "<group>"; };
		1A47C1952072058300D63753 /* main.m */ = {isa = PBXFileReference; lastKnownFileType = sourcecode.c.objc; path = main.m; sourceTree = "<group>"; };
		1A47C19B2072058300D63753 /* TVShowsOnTableTests.xctest */ = {isa = PBXFileReference; explicitFileType = wrapper.cfbundle; includeInIndex = 0; path = TVShowsOnTableTests.xctest; sourceTree = BUILT_PRODUCTS_DIR; };
		1A47C19F2072058300D63753 /* TVShowsOnTableTests.m */ = {isa = PBXFileReference; lastKnownFileType = sourcecode.c.objc; path = TVShowsOnTableTests.m; sourceTree = "<group>"; };
		1A47C1A12072058300D63753 /* Info.plist */ = {isa = PBXFileReference; lastKnownFileType = text.plist.xml; path = Info.plist; sourceTree = "<group>"; };
		1A47C1A62072058300D63753 /* TVShowsOnTableUITests.xctest */ = {isa = PBXFileReference; explicitFileType = wrapper.cfbundle; includeInIndex = 0; path = TVShowsOnTableUITests.xctest; sourceTree = BUILT_PRODUCTS_DIR; };
		1A47C1AA2072058300D63753 /* TVShowsOnTableUITests.m */ = {isa = PBXFileReference; lastKnownFileType = sourcecode.c.objc; path = TVShowsOnTableUITests.m; sourceTree = "<group>"; };
		1A47C1AC2072058300D63753 /* Info.plist */ = {isa = PBXFileReference; lastKnownFileType = text.plist.xml; path = Info.plist; sourceTree = "<group>"; };
		1A47C1B82072076E00D63753 /* TVShowsCell.h */ = {isa = PBXFileReference; lastKnownFileType = sourcecode.c.h; path = TVShowsCell.h; sourceTree = "<group>"; };
		1A47C1B92072076E00D63753 /* TVShowsCell.m */ = {isa = PBXFileReference; lastKnownFileType = sourcecode.c.objc; path = TVShowsCell.m; sourceTree = "<group>"; };
		1A47C1C12072321500D63753 /* DetailsViewController.h */ = {isa = PBXFileReference; lastKnownFileType = sourcecode.c.h; path = DetailsViewController.h; sourceTree = "<group>"; };
		1A47C1C22072321500D63753 /* DetailsViewController.m */ = {isa = PBXFileReference; lastKnownFileType = sourcecode.c.objc; path = DetailsViewController.m; sourceTree = "<group>"; };
		1AC5D19620736690002FB850 /* Show.h */ = {isa = PBXFileReference; lastKnownFileType = sourcecode.c.h; name = Show.h; path = TVShowsOnTable/Models/Show.h; sourceTree = SOURCE_ROOT; };
		1AC5D19720736690002FB850 /* Show.m */ = {isa = PBXFileReference; lastKnownFileType = sourcecode.c.objc; name = Show.m; path = TVShowsOnTable/Models/Show.m; sourceTree = SOURCE_ROOT; };
		1AF62F3A2074B167005FC411 /* showData.json */ = {isa = PBXFileReference; lastKnownFileType = text.json; path = showData.json; sourceTree = "<group>"; };
/* End PBXFileReference section */

/* Begin PBXFrameworksBuildPhase section */
		1A47C1802072058200D63753 /* Frameworks */ = {
			isa = PBXFrameworksBuildPhase;
			buildActionMask = 2147483647;
			files = (
			);
			runOnlyForDeploymentPostprocessing = 0;
		};
		1A47C1982072058300D63753 /* Frameworks */ = {
			isa = PBXFrameworksBuildPhase;
			buildActionMask = 2147483647;
			files = (
			);
			runOnlyForDeploymentPostprocessing = 0;
		};
		1A47C1A32072058300D63753 /* Frameworks */ = {
			isa = PBXFrameworksBuildPhase;
			buildActionMask = 2147483647;
			files = (
			);
			runOnlyForDeploymentPostprocessing = 0;
		};
/* End PBXFrameworksBuildPhase section */

/* Begin PBXGroup section */
		1A3303E420872D1C0062E1ED /* UI storyboard(s) */ = {
			isa = PBXGroup;
			children = (
				1A47C18C2072058200D63753 /* Main.storyboard */,
				1A47C1912072058200D63753 /* LaunchScreen.storyboard */,
			);
			path = "UI storyboard(s)";
			sourceTree = "<group>";
		};
		1A3303E520872DAF0062E1ED /* Categories */ = {
			isa = PBXGroup;
			children = (
				1A3303E620872DE60062E1ED /* UIColor+rgb.h */,
				1A3303E720872DE60062E1ED /* UIColor+rgb.m */,
				1A36078C208F162900572AB8 /* UIAlertController+AFSEAlertGenerator.h */,
				1A36078D208F162900572AB8 /* UIAlertController+AFSEAlertGenerator.m */,
			);
			path = Categories;
			sourceTree = "<group>";
		};
		1A3303EC208751240062E1ED /* Delegates */ = {
			isa = PBXGroup;
			children = (
				1A3303EE2087517C0062E1ED /* myViewDelegate.h */,
			);
			path = Delegates;
			sourceTree = "<group>";
		};
		1A3303ED2087513B0062E1ED /* Protocols */ = {
			isa = PBXGroup;
			children = (
				1A3303EC208751240062E1ED /* Delegates */,
			);
			path = Protocols;
			sourceTree = "<group>";
		};
		1A36079520907B3D00572AB8 /* XIB Files */ = {
			isa = PBXGroup;
			children = (
				1A360793209069FE00572AB8 /* ShowsCell.xib */,
			);
			path = "XIB Files";
			sourceTree = "<group>";
		};
		1A3E0CC52080B588006DB87A /* Helpers */ = {
			isa = PBXGroup;
			children = (
				1A3303E520872DAF0062E1ED /* Categories */,
				1A3E0CC72080B641006DB87A /* NSString_stripHtml.h */,
				1A3E0CC62080B641006DB87A /* NSString_stripHtml.m */,
			);
			path = Helpers;
			sourceTree = "<group>";
		};
		1A47C17A2072058200D63753 = {
			isa = PBXGroup;
			children = (
				1A47C1852072058200D63753 /* TVShowsOnTable */,
				1A47C19E2072058300D63753 /* TVShowsOnTableTests */,
				1A47C1A92072058300D63753 /* TVShowsOnTableUITests */,
				1A47C1842072058200D63753 /* Products */,
			);
			sourceTree = "<group>";
		};
		1A47C1842072058200D63753 /* Products */ = {
			isa = PBXGroup;
			children = (
				1A47C1832072058200D63753 /* TVShowsOnTable.app */,
				1A47C19B2072058300D63753 /* TVShowsOnTableTests.xctest */,
				1A47C1A62072058300D63753 /* TVShowsOnTableUITests.xctest */,
			);
			name = Products;
			sourceTree = "<group>";
		};
		1A47C1852072058200D63753 /* TVShowsOnTable */ = {
			isa = PBXGroup;
			children = (
				1A3303ED2087513B0062E1ED /* Protocols */,
				1A3E0CC52080B588006DB87A /* Helpers */,
				1AF62F3C2074C123005FC411 /* Data */,
				1AC5D19320736657002FB850 /* Models */,
				1A47C1BE207230BA00D63753 /* TableCell */,
				1A47C1BB2072308100D63753 /* ViewControllers */,
				1A3303E420872D1C0062E1ED /* UI storyboard(s) */,
				1A36079520907B3D00572AB8 /* XIB Files */,
				1A36078F208F211700572AB8 /* Assets.xcassets */,
				1A47C1862072058200D63753 /* AppDelegate.h */,
				1A47C1872072058200D63753 /* AppDelegate.m */,
				1A47C1942072058300D63753 /* Info.plist */,
				1A47C1952072058300D63753 /* main.m */,
			);
			path = TVShowsOnTable;
			sourceTree = "<group>";
		};
		1A47C19E2072058300D63753 /* TVShowsOnTableTests */ = {
			isa = PBXGroup;
			children = (
				1A47C19F2072058300D63753 /* TVShowsOnTableTests.m */,
				1A47C1A12072058300D63753 /* Info.plist */,
			);
			path = TVShowsOnTableTests;
			sourceTree = "<group>";
		};
		1A47C1A92072058300D63753 /* TVShowsOnTableUITests */ = {
			isa = PBXGroup;
			children = (
				1A47C1AA2072058300D63753 /* TVShowsOnTableUITests.m */,
				1A47C1AC2072058300D63753 /* Info.plist */,
			);
			path = TVShowsOnTableUITests;
			sourceTree = "<group>";
		};
		1A47C1BB2072308100D63753 /* ViewControllers */ = {
			isa = PBXGroup;
			children = (
				1A47C1892072058200D63753 /* SearchVC.h */,
				1A47C18A2072058200D63753 /* SearchVC.m */,
				1A47C1C22072321500D63753 /* DetailsViewController.m */,
				1A47C1C12072321500D63753 /* DetailsViewController.h */,
				1A3303E920874ABC0062E1ED /* PickShowTypeVC.h */,
				1A3303EA20874ABC0062E1ED /* PickShowTypeVC.m */,
				1A3CBA942096E9B000718417 /* AFSETvMazeViewController.h */,
				1A3CBA952096E9B000718417 /* AFSETvMazeViewController.m */,
				1A3CBA972096F7FD00718417 /* AFSETvMazeDetailsVC.h */,
				1A3CBA982096F7FD00718417 /* AFSETvMazeDetailsVC.m */,
			);
			path = ViewControllers;
			sourceTree = "<group>";
		};
		1A47C1BE207230BA00D63753 /* TableCell */ = {
			isa = PBXGroup;
			children = (
				1A47C1B92072076E00D63753 /* TVShowsCell.m */,
				1A47C1B82072076E00D63753 /* TVShowsCell.h */,
			);
			path = TableCell;
			sourceTree = "<group>";
		};
		1AC5D19320736657002FB850 /* Models */ = {
			isa = PBXGroup;
			children = (
				1AC5D19720736690002FB850 /* Show.m */,
				1AC5D19620736690002FB850 /* Show.h */,
				1A3F8DC3207E0070000F4C8A /* Movie.h */,
				1A3F8DC4207E0070000F4C8A /* Movie.m */,
				1A3F8DC6207E009C000F4C8A /* TVSeries.h */,
				1A3F8DC7207E009C000F4C8A /* TVSeries.m */,
				1A3CBA9A20970A0000718417 /* AFSEShowGroup.h */,
				1A3CBA9B20970A0000718417 /* AFSEShowGroup.m */,
				1A3CBA9D2097496300718417 /* AFSEGenreModel.h */,
				1A3CBA9E2097496300718417 /* AFSEGenreModel.m */,
			);
			path = Models;
			sourceTree = "<group>";
		};
		1AF62F3C2074C123005FC411 /* Data */ = {
			isa = PBXGroup;
			children = (
				1AF62F3A2074B167005FC411 /* showData.json */,
			);
			path = Data;
			sourceTree = "<group>";
		};
/* End PBXGroup section */

/* Begin PBXNativeTarget section */
		1A47C1822072058200D63753 /* TVShowsOnTable */ = {
			isa = PBXNativeTarget;
			buildConfigurationList = 1A47C1AF2072058300D63753 /* Build configuration list for PBXNativeTarget "TVShowsOnTable" */;
			buildPhases = (
				1A47C17F2072058200D63753 /* Sources */,
				1A47C1802072058200D63753 /* Frameworks */,
				1A47C1812072058200D63753 /* Resources */,
			);
			buildRules = (
			);
			dependencies = (
			);
			name = TVShowsOnTable;
			productName = TVShowsOnTable;
			productReference = 1A47C1832072058200D63753 /* TVShowsOnTable.app */;
			productType = "com.apple.product-type.application";
		};
		1A47C19A2072058300D63753 /* TVShowsOnTableTests */ = {
			isa = PBXNativeTarget;
			buildConfigurationList = 1A47C1B22072058300D63753 /* Build configuration list for PBXNativeTarget "TVShowsOnTableTests" */;
			buildPhases = (
				1A47C1972072058300D63753 /* Sources */,
				1A47C1982072058300D63753 /* Frameworks */,
				1A47C1992072058300D63753 /* Resources */,
			);
			buildRules = (
			);
			dependencies = (
				1A47C19D2072058300D63753 /* PBXTargetDependency */,
			);
			name = TVShowsOnTableTests;
			productName = TVShowsOnTableTests;
			productReference = 1A47C19B2072058300D63753 /* TVShowsOnTableTests.xctest */;
			productType = "com.apple.product-type.bundle.unit-test";
		};
		1A47C1A52072058300D63753 /* TVShowsOnTableUITests */ = {
			isa = PBXNativeTarget;
			buildConfigurationList = 1A47C1B52072058300D63753 /* Build configuration list for PBXNativeTarget "TVShowsOnTableUITests" */;
			buildPhases = (
				1A47C1A22072058300D63753 /* Sources */,
				1A47C1A32072058300D63753 /* Frameworks */,
				1A47C1A42072058300D63753 /* Resources */,
			);
			buildRules = (
			);
			dependencies = (
				1A47C1A82072058300D63753 /* PBXTargetDependency */,
			);
			name = TVShowsOnTableUITests;
			productName = TVShowsOnTableUITests;
			productReference = 1A47C1A62072058300D63753 /* TVShowsOnTableUITests.xctest */;
			productType = "com.apple.product-type.bundle.ui-testing";
		};
/* End PBXNativeTarget section */

/* Begin PBXProject section */
		1A47C17B2072058200D63753 /* Project object */ = {
			isa = PBXProject;
			attributes = {
				CLASSPREFIX = AFSE;
				LastUpgradeCheck = 0920;
				ORGANIZATIONNAME = AFSE;
				TargetAttributes = {
					1A47C1822072058200D63753 = {
						CreatedOnToolsVersion = 9.2;
						ProvisioningStyle = Automatic;
					};
					1A47C19A2072058300D63753 = {
						CreatedOnToolsVersion = 9.2;
						ProvisioningStyle = Automatic;
						TestTargetID = 1A47C1822072058200D63753;
					};
					1A47C1A52072058300D63753 = {
						CreatedOnToolsVersion = 9.2;
						ProvisioningStyle = Automatic;
						TestTargetID = 1A47C1822072058200D63753;
					};
				};
			};
			buildConfigurationList = 1A47C17E2072058200D63753 /* Build configuration list for PBXProject "TVShowsOnTable" */;
			compatibilityVersion = "Xcode 8.0";
			developmentRegion = en;
			hasScannedForEncodings = 0;
			knownRegions = (
				en,
				Base,
			);
			mainGroup = 1A47C17A2072058200D63753;
			productRefGroup = 1A47C1842072058200D63753 /* Products */;
			projectDirPath = "";
			projectRoot = "";
			targets = (
				1A47C1822072058200D63753 /* TVShowsOnTable */,
				1A47C19A2072058300D63753 /* TVShowsOnTableTests */,
				1A47C1A52072058300D63753 /* TVShowsOnTableUITests */,
			);
		};
/* End PBXProject section */

/* Begin PBXResourcesBuildPhase section */
		1A47C1812072058200D63753 /* Resources */ = {
			isa = PBXResourcesBuildPhase;
			buildActionMask = 2147483647;
			files = (
				1A360794209069FE00572AB8 /* ShowsCell.xib in Resources */,
				1AF62F3D2074C95A005FC411 /* showData.json in Resources */,
				1A47C1932072058200D63753 /* LaunchScreen.storyboard in Resources */,
				1A360790208F211700572AB8 /* Assets.xcassets in Resources */,
				1A47C18E2072058200D63753 /* Main.storyboard in Resources */,
			);
			runOnlyForDeploymentPostprocessing = 0;
		};
		1A47C1992072058300D63753 /* Resources */ = {
			isa = PBXResourcesBuildPhase;
			buildActionMask = 2147483647;
			files = (
			);
			runOnlyForDeploymentPostprocessing = 0;
		};
		1A47C1A42072058300D63753 /* Resources */ = {
			isa = PBXResourcesBuildPhase;
			buildActionMask = 2147483647;
			files = (
			);
			runOnlyForDeploymentPostprocessing = 0;
		};
/* End PBXResourcesBuildPhase section */

/* Begin PBXSourcesBuildPhase section */
		1A47C17F2072058200D63753 /* Sources */ = {
			isa = PBXSourcesBuildPhase;
			buildActionMask = 2147483647;
			files = (
				1A47C18B2072058200D63753 /* SearchVC.m in Sources */,
				1A3CBA9C20970A0000718417 /* AFSEShowGroup.m in Sources */,
				1A3303E820872DE60062E1ED /* UIColor+rgb.m in Sources */,
				1A47C1C32072321500D63753 /* DetailsViewController.m in Sources */,
				1A3F8DC5207E0070000F4C8A /* Movie.m in Sources */,
				1A36078E208F162900572AB8 /* UIAlertController+AFSEAlertGenerator.m in Sources */,
				1A47C1962072058300D63753 /* main.m in Sources */,
				1A47C1BA2072076E00D63753 /* TVShowsCell.m in Sources */,
				1AC5D19820736690002FB850 /* Show.m in Sources */,
				1A47C1882072058200D63753 /* AppDelegate.m in Sources */,
				1A3F8DC8207E009C000F4C8A /* TVSeries.m in Sources */,
				1A3E0CC82080B641006DB87A /* NSString_stripHtml.m in Sources */,
				1A3CBA9F2097496300718417 /* AFSEGenreModel.m in Sources */,
				1A3303EB20874ABC0062E1ED /* PickShowTypeVC.m in Sources */,
				1A3CBA962096E9B000718417 /* AFSETvMazeViewController.m in Sources */,
				1A3CBA992096F7FD00718417 /* AFSETvMazeDetailsVC.m in Sources */,
			);
			runOnlyForDeploymentPostprocessing = 0;
		};
		1A47C1972072058300D63753 /* Sources */ = {
			isa = PBXSourcesBuildPhase;
			buildActionMask = 2147483647;
			files = (
				1A47C1A02072058300D63753 /* TVShowsOnTableTests.m in Sources */,
			);
			runOnlyForDeploymentPostprocessing = 0;
		};
		1A47C1A22072058300D63753 /* Sources */ = {
			isa = PBXSourcesBuildPhase;
			buildActionMask = 2147483647;
			files = (
				1A47C1AB2072058300D63753 /* TVShowsOnTableUITests.m in Sources */,
			);
			runOnlyForDeploymentPostprocessing = 0;
		};
/* End PBXSourcesBuildPhase section */

/* Begin PBXTargetDependency section */
		1A47C19D2072058300D63753 /* PBXTargetDependency */ = {
			isa = PBXTargetDependency;
			target = 1A47C1822072058200D63753 /* TVShowsOnTable */;
			targetProxy = 1A47C19C2072058300D63753 /* PBXContainerItemProxy */;
		};
		1A47C1A82072058300D63753 /* PBXTargetDependency */ = {
			isa = PBXTargetDependency;
			target = 1A47C1822072058200D63753 /* TVShowsOnTable */;
			targetProxy = 1A47C1A72072058300D63753 /* PBXContainerItemProxy */;
		};
/* End PBXTargetDependency section */

/* Begin PBXVariantGroup section */
		1A47C18C2072058200D63753 /* Main.storyboard */ = {
			isa = PBXVariantGroup;
			children = (
				1A47C18D2072058200D63753 /* Base */,
			);
			name = Main.storyboard;
			sourceTree = "<group>";
		};
		1A47C1912072058200D63753 /* LaunchScreen.storyboard */ = {
			isa = PBXVariantGroup;
			children = (
				1A47C1922072058200D63753 /* Base */,
			);
			name = LaunchScreen.storyboard;
			sourceTree = "<group>";
		};
/* End PBXVariantGroup section */

/* Begin XCBuildConfiguration section */
		1A47C1AD2072058300D63753 /* Debug */ = {
			isa = XCBuildConfiguration;
			buildSettings = {
				ALWAYS_SEARCH_USER_PATHS = NO;
				CLANG_ANALYZER_NONNULL = YES;
				CLANG_ANALYZER_NUMBER_OBJECT_CONVERSION = YES_AGGRESSIVE;
				CLANG_CXX_LANGUAGE_STANDARD = "gnu++14";
				CLANG_CXX_LIBRARY = "libc++";
				CLANG_ENABLE_MODULES = YES;
				CLANG_ENABLE_OBJC_ARC = YES;
				CLANG_WARN_BLOCK_CAPTURE_AUTORELEASING = YES;
				CLANG_WARN_BOOL_CONVERSION = YES;
				CLANG_WARN_COMMA = YES;
				CLANG_WARN_CONSTANT_CONVERSION = YES;
				CLANG_WARN_DIRECT_OBJC_ISA_USAGE = YES_ERROR;
				CLANG_WARN_DOCUMENTATION_COMMENTS = YES;
				CLANG_WARN_EMPTY_BODY = YES;
				CLANG_WARN_ENUM_CONVERSION = YES;
				CLANG_WARN_INFINITE_RECURSION = YES;
				CLANG_WARN_INT_CONVERSION = YES;
				CLANG_WARN_NON_LITERAL_NULL_CONVERSION = YES;
				CLANG_WARN_OBJC_LITERAL_CONVERSION = YES;
				CLANG_WARN_OBJC_ROOT_CLASS = YES_ERROR;
				CLANG_WARN_RANGE_LOOP_ANALYSIS = YES;
				CLANG_WARN_STRICT_PROTOTYPES = YES;
				CLANG_WARN_SUSPICIOUS_MOVE = YES;
				CLANG_WARN_UNGUARDED_AVAILABILITY = YES_AGGRESSIVE;
				CLANG_WARN_UNREACHABLE_CODE = YES;
				CLANG_WARN__DUPLICATE_METHOD_MATCH = YES;
				CODE_SIGN_IDENTITY = "iPhone Developer";
				COPY_PHASE_STRIP = NO;
				DEBUG_INFORMATION_FORMAT = dwarf;
				ENABLE_STRICT_OBJC_MSGSEND = YES;
				ENABLE_TESTABILITY = YES;
				GCC_C_LANGUAGE_STANDARD = gnu11;
				GCC_DYNAMIC_NO_PIC = NO;
				GCC_NO_COMMON_BLOCKS = YES;
				GCC_OPTIMIZATION_LEVEL = 0;
				GCC_PREPROCESSOR_DEFINITIONS = (
					"DEBUG=1",
					"$(inherited)",
				);
				GCC_WARN_64_TO_32_BIT_CONVERSION = YES;
				GCC_WARN_ABOUT_RETURN_TYPE = YES_ERROR;
				GCC_WARN_UNDECLARED_SELECTOR = YES;
				GCC_WARN_UNINITIALIZED_AUTOS = YES_AGGRESSIVE;
				GCC_WARN_UNUSED_FUNCTION = YES;
				GCC_WARN_UNUSED_VARIABLE = YES;
				IPHONEOS_DEPLOYMENT_TARGET = 11.2;
				MTL_ENABLE_DEBUG_INFO = YES;
				ONLY_ACTIVE_ARCH = YES;
				SDKROOT = iphoneos;
			};
			name = Debug;
		};
		1A47C1AE2072058300D63753 /* Release */ = {
			isa = XCBuildConfiguration;
			buildSettings = {
				ALWAYS_SEARCH_USER_PATHS = NO;
				CLANG_ANALYZER_NONNULL = YES;
				CLANG_ANALYZER_NUMBER_OBJECT_CONVERSION = YES_AGGRESSIVE;
				CLANG_CXX_LANGUAGE_STANDARD = "gnu++14";
				CLANG_CXX_LIBRARY = "libc++";
				CLANG_ENABLE_MODULES = YES;
				CLANG_ENABLE_OBJC_ARC = YES;
				CLANG_WARN_BLOCK_CAPTURE_AUTORELEASING = YES;
				CLANG_WARN_BOOL_CONVERSION = YES;
				CLANG_WARN_COMMA = YES;
				CLANG_WARN_CONSTANT_CONVERSION = YES;
				CLANG_WARN_DIRECT_OBJC_ISA_USAGE = YES_ERROR;
				CLANG_WARN_DOCUMENTATION_COMMENTS = YES;
				CLANG_WARN_EMPTY_BODY = YES;
				CLANG_WARN_ENUM_CONVERSION = YES;
				CLANG_WARN_INFINITE_RECURSION = YES;
				CLANG_WARN_INT_CONVERSION = YES;
				CLANG_WARN_NON_LITERAL_NULL_CONVERSION = YES;
				CLANG_WARN_OBJC_LITERAL_CONVERSION = YES;
				CLANG_WARN_OBJC_ROOT_CLASS = YES_ERROR;
				CLANG_WARN_RANGE_LOOP_ANALYSIS = YES;
				CLANG_WARN_STRICT_PROTOTYPES = YES;
				CLANG_WARN_SUSPICIOUS_MOVE = YES;
				CLANG_WARN_UNGUARDED_AVAILABILITY = YES_AGGRESSIVE;
				CLANG_WARN_UNREACHABLE_CODE = YES;
				CLANG_WARN__DUPLICATE_METHOD_MATCH = YES;
				CODE_SIGN_IDENTITY = "iPhone Developer";
				COPY_PHASE_STRIP = NO;
				DEBUG_INFORMATION_FORMAT = "dwarf-with-dsym";
				ENABLE_NS_ASSERTIONS = NO;
				ENABLE_STRICT_OBJC_MSGSEND = YES;
				GCC_C_LANGUAGE_STANDARD = gnu11;
				GCC_NO_COMMON_BLOCKS = YES;
				GCC_WARN_64_TO_32_BIT_CONVERSION = YES;
				GCC_WARN_ABOUT_RETURN_TYPE = YES_ERROR;
				GCC_WARN_UNDECLARED_SELECTOR = YES;
				GCC_WARN_UNINITIALIZED_AUTOS = YES_AGGRESSIVE;
				GCC_WARN_UNUSED_FUNCTION = YES;
				GCC_WARN_UNUSED_VARIABLE = YES;
				IPHONEOS_DEPLOYMENT_TARGET = 11.2;
				MTL_ENABLE_DEBUG_INFO = NO;
				SDKROOT = iphoneos;
				VALIDATE_PRODUCT = YES;
			};
			name = Release;
		};
		1A47C1B02072058300D63753 /* Debug */ = {
			isa = XCBuildConfiguration;
			buildSettings = {
				ASSETCATALOG_COMPILER_APPICON_NAME = AppIcon;
				CODE_SIGN_STYLE = Automatic;
				DEVELOPMENT_TEAM = JQF5RM3G2P;
				INFOPLIST_FILE = TVShowsOnTable/Info.plist;
				LD_RUNPATH_SEARCH_PATHS = "$(inherited) @executable_path/Frameworks";
				PRODUCT_BUNDLE_IDENTIFIER = com.panagiotis.TVShowsOnTable.TVShowsOnTable;
				PRODUCT_NAME = "$(TARGET_NAME)";
				TARGETED_DEVICE_FAMILY = "1,2";
			};
			name = Debug;
		};
		1A47C1B12072058300D63753 /* Release */ = {
			isa = XCBuildConfiguration;
			buildSettings = {
				ASSETCATALOG_COMPILER_APPICON_NAME = AppIcon;
				CODE_SIGN_STYLE = Automatic;
				DEVELOPMENT_TEAM = JQF5RM3G2P;
				INFOPLIST_FILE = TVShowsOnTable/Info.plist;
				LD_RUNPATH_SEARCH_PATHS = "$(inherited) @executable_path/Frameworks";
				PRODUCT_BUNDLE_IDENTIFIER = com.panagiotis.TVShowsOnTable.TVShowsOnTable;
				PRODUCT_NAME = "$(TARGET_NAME)";
				TARGETED_DEVICE_FAMILY = "1,2";
			};
			name = Release;
		};
		1A47C1B32072058300D63753 /* Debug */ = {
			isa = XCBuildConfiguration;
			buildSettings = {
				BUNDLE_LOADER = "$(TEST_HOST)";
				CODE_SIGN_STYLE = Automatic;
				DEVELOPMENT_TEAM = JQF5RM3G2P;
				INFOPLIST_FILE = TVShowsOnTableTests/Info.plist;
				LD_RUNPATH_SEARCH_PATHS = "$(inherited) @executable_path/Frameworks @loader_path/Frameworks";
				PRODUCT_BUNDLE_IDENTIFIER = com.panagiotis.TVShowsOnTable.TVShowsOnTableTests;
				PRODUCT_NAME = "$(TARGET_NAME)";
				TARGETED_DEVICE_FAMILY = "1,2";
				TEST_HOST = "$(BUILT_PRODUCTS_DIR)/TVShowsOnTable.app/TVShowsOnTable";
			};
			name = Debug;
		};
		1A47C1B42072058300D63753 /* Release */ = {
			isa = XCBuildConfiguration;
			buildSettings = {
				BUNDLE_LOADER = "$(TEST_HOST)";
				CODE_SIGN_STYLE = Automatic;
				DEVELOPMENT_TEAM = JQF5RM3G2P;
				INFOPLIST_FILE = TVShowsOnTableTests/Info.plist;
				LD_RUNPATH_SEARCH_PATHS = "$(inherited) @executable_path/Frameworks @loader_path/Frameworks";
				PRODUCT_BUNDLE_IDENTIFIER = com.panagiotis.TVShowsOnTable.TVShowsOnTableTests;
				PRODUCT_NAME = "$(TARGET_NAME)";
				TARGETED_DEVICE_FAMILY = "1,2";
				TEST_HOST = "$(BUILT_PRODUCTS_DIR)/TVShowsOnTable.app/TVShowsOnTable";
			};
			name = Release;
		};
		1A47C1B62072058300D63753 /* Debug */ = {
			isa = XCBuildConfiguration;
			buildSettings = {
				CODE_SIGN_STYLE = Automatic;
				DEVELOPMENT_TEAM = JQF5RM3G2P;
				INFOPLIST_FILE = TVShowsOnTableUITests/Info.plist;
				LD_RUNPATH_SEARCH_PATHS = "$(inherited) @executable_path/Frameworks @loader_path/Frameworks";
				PRODUCT_BUNDLE_IDENTIFIER = com.panagiotis.TVShowsOnTable.TVShowsOnTableUITests;
				PRODUCT_NAME = "$(TARGET_NAME)";
				TARGETED_DEVICE_FAMILY = "1,2";
				TEST_TARGET_NAME = TVShowsOnTable;
			};
			name = Debug;
		};
		1A47C1B72072058300D63753 /* Release */ = {
			isa = XCBuildConfiguration;
			buildSettings = {
				CODE_SIGN_STYLE = Automatic;
				DEVELOPMENT_TEAM = JQF5RM3G2P;
				INFOPLIST_FILE = TVShowsOnTableUITests/Info.plist;
				LD_RUNPATH_SEARCH_PATHS = "$(inherited) @executable_path/Frameworks @loader_path/Frameworks";
				PRODUCT_BUNDLE_IDENTIFIER = com.panagiotis.TVShowsOnTable.TVShowsOnTableUITests;
				PRODUCT_NAME = "$(TARGET_NAME)";
				TARGETED_DEVICE_FAMILY = "1,2";
				TEST_TARGET_NAME = TVShowsOnTable;
			};
			name = Release;
		};
/* End XCBuildConfiguration section */

/* Begin XCConfigurationList section */
		1A47C17E2072058200D63753 /* Build configuration list for PBXProject "TVShowsOnTable" */ = {
			isa = XCConfigurationList;
			buildConfigurations = (
				1A47C1AD2072058300D63753 /* Debug */,
				1A47C1AE2072058300D63753 /* Release */,
			);
			defaultConfigurationIsVisible = 0;
			defaultConfigurationName = Release;
		};
		1A47C1AF2072058300D63753 /* Build configuration list for PBXNativeTarget "TVShowsOnTable" */ = {
			isa = XCConfigurationList;
			buildConfigurations = (
				1A47C1B02072058300D63753 /* Debug */,
				1A47C1B12072058300D63753 /* Release */,
			);
			defaultConfigurationIsVisible = 0;
			defaultConfigurationName = Release;
		};
		1A47C1B22072058300D63753 /* Build configuration list for PBXNativeTarget "TVShowsOnTableTests" */ = {
			isa = XCConfigurationList;
			buildConfigurations = (
				1A47C1B32072058300D63753 /* Debug */,
				1A47C1B42072058300D63753 /* Release */,
			);
			defaultConfigurationIsVisible = 0;
			defaultConfigurationName = Release;
		};
		1A47C1B52072058300D63753 /* Build configuration list for PBXNativeTarget "TVShowsOnTableUITests" */ = {
			isa = XCConfigurationList;
			buildConfigurations = (
				1A47C1B62072058300D63753 /* Debug */,
				1A47C1B72072058300D63753 /* Release */,
			);
			defaultConfigurationIsVisible = 0;
			defaultConfigurationName = Release;
		};
/* End XCConfigurationList section */
	};
	rootObject = 1A47C17B2072058200D63753 /* Project object */;
}
