// !$*UTF8*$!
{
	archiveVersion = 1;
	classes = {
	};
	objectVersion = 48;
	objects = {

/* Begin PBXBuildFile section */
		1A098A3620B3EAE400A60A48 /* PKDetailsTableCellVM.m in Sources */ = {isa = PBXBuildFile; fileRef = 1A098A3520B3EAE400A60A48 /* PKDetailsTableCellVM.m */; };
		1A098A3B20B3F83E00A60A48 /* PKDetailsImagesCellVM.m in Sources */ = {isa = PBXBuildFile; fileRef = 1A098A3A20B3F83E00A60A48 /* PKDetailsImagesCellVM.m */; };
		1A0E8D51209B0A5A007F817B /* AFSEWebContentHandlerVC.m in Sources */ = {isa = PBXBuildFile; fileRef = 1A0E8D50209B0A5A007F817B /* AFSEWebContentHandlerVC.m */; };
		1A0E8D54209B0DD1007F817B /* WebKit.framework in Frameworks */ = {isa = PBXBuildFile; fileRef = 1A0E8D53209B0DD1007F817B /* WebKit.framework */; };
		1A10A89F20B45E8E005CC65E /* MasterTableVC.m in Sources */ = {isa = PBXBuildFile; fileRef = 1A10A89E20B45E8E005CC65E /* MasterTableVC.m */; };
		1A10A8A220B464B8005CC65E /* DetailsVC.m in Sources */ = {isa = PBXBuildFile; fileRef = 1A10A8A120B464B8005CC65E /* DetailsVC.m */; };
		1A22529220C1768100B0106E /* List.m in Sources */ = {isa = PBXBuildFile; fileRef = 1A22529120C1768100B0106E /* List.m */; };
		1A22529620C18B4900B0106E /* Session.m in Sources */ = {isa = PBXBuildFile; fileRef = 1A22529520C18B4900B0106E /* Session.m */; };
		1A3303E820872DE60062E1ED /* UIColor+rgb.m in Sources */ = {isa = PBXBuildFile; fileRef = 1A3303E720872DE60062E1ED /* UIColor+rgb.m */; };
		1A3303EB20874ABC0062E1ED /* PickShowTypeVC.m in Sources */ = {isa = PBXBuildFile; fileRef = 1A3303EA20874ABC0062E1ED /* PickShowTypeVC.m */; };
		1A36078E208F162900572AB8 /* UIAlertController+AFSEAlertGenerator.m in Sources */ = {isa = PBXBuildFile; fileRef = 1A36078D208F162900572AB8 /* UIAlertController+AFSEAlertGenerator.m */; };
		1A360790208F211700572AB8 /* Assets.xcassets in Resources */ = {isa = PBXBuildFile; fileRef = 1A36078F208F211700572AB8 /* Assets.xcassets */; };
		1A360794209069FE00572AB8 /* ShowsCell.xib in Resources */ = {isa = PBXBuildFile; fileRef = 1A360793209069FE00572AB8 /* ShowsCell.xib */; };
		1A3CBA962096E9B000718417 /* AFSETvMazeViewController.m in Sources */ = {isa = PBXBuildFile; fileRef = 1A3CBA952096E9B000718417 /* AFSETvMazeViewController.m */; };
		1A3CBA992096F7FD00718417 /* AFSETvMazeDetailsVC.m in Sources */ = {isa = PBXBuildFile; fileRef = 1A3CBA982096F7FD00718417 /* AFSETvMazeDetailsVC.m */; };
		1A3CBA9C20970A0000718417 /* AFSEShowGroup.m in Sources */ = {isa = PBXBuildFile; fileRef = 1A3CBA9B20970A0000718417 /* AFSEShowGroup.m */; };
		1A3CBA9F2097496300718417 /* AFSEGenreModel.m in Sources */ = {isa = PBXBuildFile; fileRef = 1A3CBA9E2097496300718417 /* AFSEGenreModel.m */; };
		1A3E0CC82080B641006DB87A /* NSString_stripHtml.m in Sources */ = {isa = PBXBuildFile; fileRef = 1A3E0CC62080B641006DB87A /* NSString_stripHtml.m */; };
		1A3F8DC5207E0070000F4C8A /* Movie.m in Sources */ = {isa = PBXBuildFile; fileRef = 1A3F8DC4207E0070000F4C8A /* Movie.m */; };
		1A3F8DC8207E009C000F4C8A /* TVSeries.m in Sources */ = {isa = PBXBuildFile; fileRef = 1A3F8DC7207E009C000F4C8A /* TVSeries.m */; };
		1A47C1882072058200D63753 /* AppDelegate.m in Sources */ = {isa = PBXBuildFile; fileRef = 1A47C1872072058200D63753 /* AppDelegate.m */; };
		1A47C18B2072058200D63753 /* SearchVC.m in Sources */ = {isa = PBXBuildFile; fileRef = 1A47C18A2072058200D63753 /* SearchVC.m */; };
		1A47C18E2072058200D63753 /* Main.storyboard in Resources */ = {isa = PBXBuildFile; fileRef = 1A47C18C2072058200D63753 /* Main.storyboard */; };
		1A47C1932072058200D63753 /* LaunchScreen.storyboard in Resources */ = {isa = PBXBuildFile; fileRef = 1A47C1912072058200D63753 /* LaunchScreen.storyboard */; };
		1A47C1962072058300D63753 /* main.m in Sources */ = {isa = PBXBuildFile; fileRef = 1A47C1952072058300D63753 /* main.m */; };
		1A47C1A02072058300D63753 /* TVShowsOnTableTests.m in Sources */ = {isa = PBXBuildFile; fileRef = 1A47C19F2072058300D63753 /* TVShowsOnTableTests.m */; };
		1A47C1AB2072058300D63753 /* TVShowsOnTableUITests.m in Sources */ = {isa = PBXBuildFile; fileRef = 1A47C1AA2072058300D63753 /* TVShowsOnTableUITests.m */; };
		1A47C1BA2072076E00D63753 /* TVShowsCell.m in Sources */ = {isa = PBXBuildFile; fileRef = 1A47C1B92072076E00D63753 /* TVShowsCell.m */; };
		1A47C1C32072321500D63753 /* DetailsViewController.m in Sources */ = {isa = PBXBuildFile; fileRef = 1A47C1C22072321500D63753 /* DetailsViewController.m */; };
		1A67FF2020A5E10E00C4B256 /* PKMovieCellViewModel.m in Sources */ = {isa = PBXBuildFile; fileRef = 1A67FF1F20A5E10E00C4B256 /* PKMovieCellViewModel.m */; };
		1A67FF2320A5E12D00C4B256 /* PKTVTableViewCellViewModel.m in Sources */ = {isa = PBXBuildFile; fileRef = 1A67FF2220A5E12D00C4B256 /* PKTVTableViewCellViewModel.m */; };
		1A7A2B0920B6CE90009DA8C4 /* PKLoginVC.m in Sources */ = {isa = PBXBuildFile; fileRef = 1A7A2B0820B6CE90009DA8C4 /* PKLoginVC.m */; };
		1A7A2B0C20B6CEDE009DA8C4 /* LoginWidgetVM.m in Sources */ = {isa = PBXBuildFile; fileRef = 1A7A2B0B20B6CEDE009DA8C4 /* LoginWidgetVM.m */; };
		1A7A2B1020B6D435009DA8C4 /* LoginWidget.xib in Resources */ = {isa = PBXBuildFile; fileRef = 1A7A2B0F20B6D435009DA8C4 /* LoginWidget.xib */; };
		1A7A2B1320B700C9009DA8C4 /* PKLoginWidgetView.m in Sources */ = {isa = PBXBuildFile; fileRef = 1A7A2B1220B700C9009DA8C4 /* PKLoginWidgetView.m */; };
		1A7BD8B020A9660B00BF4C7B /* PKShowTableCellViewModel.m in Sources */ = {isa = PBXBuildFile; fileRef = 1A7BD8AF20A9660B00BF4C7B /* PKShowTableCellViewModel.m */; };
		1A93153920AD86F700C1A279 /* detailsVCImagesCell.xib in Resources */ = {isa = PBXBuildFile; fileRef = 1A93153820AD86F700C1A279 /* detailsVCImagesCell.xib */; };
		1A93153B20AD882D00C1A279 /* detailsVCDescription.xib in Resources */ = {isa = PBXBuildFile; fileRef = 1A93153A20AD882D00C1A279 /* detailsVCDescription.xib */; };
		1A93153E20AD8C7A00C1A279 /* PKImagesCellDetailsVC.m in Sources */ = {isa = PBXBuildFile; fileRef = 1A93153D20AD8C7A00C1A279 /* PKImagesCellDetailsVC.m */; };
		1A93154120AD8CE100C1A279 /* PKSummaryCellDetailsVC.m in Sources */ = {isa = PBXBuildFile; fileRef = 1A93154020AD8CE100C1A279 /* PKSummaryCellDetailsVC.m */; };
		1AC5D19820736690002FB850 /* Show.m in Sources */ = {isa = PBXBuildFile; fileRef = 1AC5D19720736690002FB850 /* Show.m */; };
		1ADBBA3A20A02F7D008588D1 /* PKNetworkManager.m in Sources */ = {isa = PBXBuildFile; fileRef = 1ADBBA3920A02F7D008588D1 /* PKNetworkManager.m */; };
		1AE2496020B2A35F00FF7095 /* MJ Granada.ttf in Resources */ = {isa = PBXBuildFile; fileRef = 1AE2495F20B2A35E00FF7095 /* MJ Granada.ttf */; };
		1AE2496120B2A35F00FF7095 /* MJ Granada.ttf in Resources */ = {isa = PBXBuildFile; fileRef = 1AE2495F20B2A35E00FF7095 /* MJ Granada.ttf */; };
		1AE2496320B2AA4500FF7095 /* DELIGHT LETTERING SCRIPT-DEMO.ttf in Resources */ = {isa = PBXBuildFile; fileRef = 1AE2496220B2A74900FF7095 /* DELIGHT LETTERING SCRIPT-DEMO.ttf */; };
		1AE2496520B2ABD600FF7095 /* Rough Sketch.ttf in Resources */ = {isa = PBXBuildFile; fileRef = 1AE2496420B2ABD500FF7095 /* Rough Sketch.ttf */; };
		1AE2496820B2AE3900FF7095 /* timeburnernormal.ttf in Resources */ = {isa = PBXBuildFile; fileRef = 1AE2496620B2AE3800FF7095 /* timeburnernormal.ttf */; };
		1AE2496920B2AE3900FF7095 /* timeburnerbold.ttf in Resources */ = {isa = PBXBuildFile; fileRef = 1AE2496720B2AE3800FF7095 /* timeburnerbold.ttf */; };
		1AE2496B20B2B0BF00FF7095 /* Flighter_PERSONAL_USE_ONLY.ttf in Resources */ = {isa = PBXBuildFile; fileRef = 1AE2496A20B2B0BF00FF7095 /* Flighter_PERSONAL_USE_ONLY.ttf */; };
		1AE2496D20B2B42800FF7095 /* ADAM.CG PRO.otf in Resources */ = {isa = PBXBuildFile; fileRef = 1AE2496C20B2B42700FF7095 /* ADAM.CG PRO.otf */; };
		1AF62F3D2074C95A005FC411 /* showData.json in Resources */ = {isa = PBXBuildFile; fileRef = 1AF62F3A2074B167005FC411 /* showData.json */; };
/* End PBXBuildFile section */

/* Begin PBXContainerItemProxy section */
		1A47C19C2072058300D63753 /* PBXContainerItemProxy */ = {
			isa = PBXContainerItemProxy;
			containerPortal = 1A47C17B2072058200D63753 /* Project object */;
			proxyType = 1;
			remoteGlobalIDString = 1A47C1822072058200D63753;
			remoteInfo = TVShowsOnTable;
		};
		1A47C1A72072058300D63753 /* PBXContainerItemProxy */ = {
			isa = PBXContainerItemProxy;
			containerPortal = 1A47C17B2072058200D63753 /* Project object */;
			proxyType = 1;
			remoteGlobalIDString = 1A47C1822072058200D63753;
			remoteInfo = TVShowsOnTable;
		};
/* End PBXContainerItemProxy section */

/* Begin PBXFileReference section */
		1A02410620C674FB00B54F76 /* FavoritesHandlingDelegate.h */ = {isa = PBXFileReference; lastKnownFileType = sourcecode.c.h; path = FavoritesHandlingDelegate.h; sourceTree = "<group>"; };
		1A098A3420B3EAE400A60A48 /* PKDetailsTableCellVM.h */ = {isa = PBXFileReference; lastKnownFileType = sourcecode.c.h; path = PKDetailsTableCellVM.h; sourceTree = "<group>"; };
		1A098A3520B3EAE400A60A48 /* PKDetailsTableCellVM.m */ = {isa = PBXFileReference; lastKnownFileType = sourcecode.c.objc; path = PKDetailsTableCellVM.m; sourceTree = "<group>"; };
		1A098A3920B3F83E00A60A48 /* PKDetailsImagesCellVM.h */ = {isa = PBXFileReference; lastKnownFileType = sourcecode.c.h; path = PKDetailsImagesCellVM.h; sourceTree = "<group>"; };
		1A098A3A20B3F83E00A60A48 /* PKDetailsImagesCellVM.m */ = {isa = PBXFileReference; lastKnownFileType = sourcecode.c.objc; path = PKDetailsImagesCellVM.m; sourceTree = "<group>"; };
		1A0E8D4F209B0A5A007F817B /* AFSEWebContentHandlerVC.h */ = {isa = PBXFileReference; lastKnownFileType = sourcecode.c.h; path = AFSEWebContentHandlerVC.h; sourceTree = "<group>"; };
		1A0E8D50209B0A5A007F817B /* AFSEWebContentHandlerVC.m */ = {isa = PBXFileReference; lastKnownFileType = sourcecode.c.objc; path = AFSEWebContentHandlerVC.m; sourceTree = "<group>"; };
		1A0E8D53209B0DD1007F817B /* WebKit.framework */ = {isa = PBXFileReference; lastKnownFileType = wrapper.framework; name = WebKit.framework; path = System/Library/Frameworks/WebKit.framework; sourceTree = SDKROOT; };
		1A10A89D20B45E8E005CC65E /* MasterTableVC.h */ = {isa = PBXFileReference; lastKnownFileType = sourcecode.c.h; path = MasterTableVC.h; sourceTree = "<group>"; };
		1A10A89E20B45E8E005CC65E /* MasterTableVC.m */ = {isa = PBXFileReference; lastKnownFileType = sourcecode.c.objc; path = MasterTableVC.m; sourceTree = "<group>"; };
		1A10A8A020B464B8005CC65E /* DetailsVC.h */ = {isa = PBXFileReference; lastKnownFileType = sourcecode.c.h; path = DetailsVC.h; sourceTree = "<group>"; };
		1A10A8A120B464B8005CC65E /* DetailsVC.m */ = {isa = PBXFileReference; lastKnownFileType = sourcecode.c.objc; path = DetailsVC.m; sourceTree = "<group>"; };
		1A22529020C1768100B0106E /* List.h */ = {isa = PBXFileReference; lastKnownFileType = sourcecode.c.h; path = List.h; sourceTree = "<group>"; };
		1A22529120C1768100B0106E /* List.m */ = {isa = PBXFileReference; lastKnownFileType = sourcecode.c.objc; path = List.m; sourceTree = "<group>"; };
		1A22529420C18B4900B0106E /* Session.h */ = {isa = PBXFileReference; lastKnownFileType = sourcecode.c.h; path = Session.h; sourceTree = "<group>"; };
		1A22529520C18B4900B0106E /* Session.m */ = {isa = PBXFileReference; lastKnownFileType = sourcecode.c.objc; path = Session.m; sourceTree = "<group>"; };
		1A3303E620872DE60062E1ED /* UIColor+rgb.h */ = {isa = PBXFileReference; lastKnownFileType = sourcecode.c.h; path = "UIColor+rgb.h"; sourceTree = "<group>"; };
		1A3303E720872DE60062E1ED /* UIColor+rgb.m */ = {isa = PBXFileReference; lastKnownFileType = sourcecode.c.objc; path = "UIColor+rgb.m"; sourceTree = "<group>"; };
		1A3303E920874ABC0062E1ED /* PickShowTypeVC.h */ = {isa = PBXFileReference; lastKnownFileType = sourcecode.c.h; path = PickShowTypeVC.h; sourceTree = "<group>"; };
		1A3303EA20874ABC0062E1ED /* PickShowTypeVC.m */ = {isa = PBXFileReference; lastKnownFileType = sourcecode.c.objc; path = PickShowTypeVC.m; sourceTree = "<group>"; };
		1A3303EE2087517C0062E1ED /* ButtonEventHandlingDelegate.h */ = {isa = PBXFileReference; lastKnownFileType = sourcecode.c.h; path = ButtonEventHandlingDelegate.h; sourceTree = "<group>"; };
		1A36078C208F162900572AB8 /* UIAlertController+AFSEAlertGenerator.h */ = {isa = PBXFileReference; lastKnownFileType = sourcecode.c.h; path = "UIAlertController+AFSEAlertGenerator.h"; sourceTree = "<group>"; };
		1A36078D208F162900572AB8 /* UIAlertController+AFSEAlertGenerator.m */ = {isa = PBXFileReference; lastKnownFileType = sourcecode.c.objc; path = "UIAlertController+AFSEAlertGenerator.m"; sourceTree = "<group>"; };
		1A36078F208F211700572AB8 /* Assets.xcassets */ = {isa = PBXFileReference; lastKnownFileType = folder.assetcatalog; path = Assets.xcassets; sourceTree = "<group>"; };
		1A360793209069FE00572AB8 /* ShowsCell.xib */ = {isa = PBXFileReference; lastKnownFileType = file.xib; path = ShowsCell.xib; sourceTree = "<group>"; };
		1A3CBA942096E9B000718417 /* AFSETvMazeViewController.h */ = {isa = PBXFileReference; lastKnownFileType = sourcecode.c.h; path = AFSETvMazeViewController.h; sourceTree = "<group>"; };
		1A3CBA952096E9B000718417 /* AFSETvMazeViewController.m */ = {isa = PBXFileReference; lastKnownFileType = sourcecode.c.objc; path = AFSETvMazeViewController.m; sourceTree = "<group>"; };
		1A3CBA972096F7FD00718417 /* AFSETvMazeDetailsVC.h */ = {isa = PBXFileReference; lastKnownFileType = sourcecode.c.h; path = AFSETvMazeDetailsVC.h; sourceTree = "<group>"; };
		1A3CBA982096F7FD00718417 /* AFSETvMazeDetailsVC.m */ = {isa = PBXFileReference; lastKnownFileType = sourcecode.c.objc; path = AFSETvMazeDetailsVC.m; sourceTree = "<group>"; };
		1A3CBA9A20970A0000718417 /* AFSEShowGroup.h */ = {isa = PBXFileReference; lastKnownFileType = sourcecode.c.h; path = AFSEShowGroup.h; sourceTree = "<group>"; };
		1A3CBA9B20970A0000718417 /* AFSEShowGroup.m */ = {isa = PBXFileReference; lastKnownFileType = sourcecode.c.objc; path = AFSEShowGroup.m; sourceTree = "<group>"; };
		1A3CBA9D2097496300718417 /* AFSEGenreModel.h */ = {isa = PBXFileReference; lastKnownFileType = sourcecode.c.h; path = AFSEGenreModel.h; sourceTree = "<group>"; };
		1A3CBA9E2097496300718417 /* AFSEGenreModel.m */ = {isa = PBXFileReference; lastKnownFileType = sourcecode.c.objc; path = AFSEGenreModel.m; sourceTree = "<group>"; };
		1A3E0CC62080B641006DB87A /* NSString_stripHtml.m */ = {isa = PBXFileReference; fileEncoding = 4; lastKnownFileType = sourcecode.c.objc; path = NSString_stripHtml.m; sourceTree = "<group>"; };
		1A3E0CC72080B641006DB87A /* NSString_stripHtml.h */ = {isa = PBXFileReference; fileEncoding = 4; lastKnownFileType = sourcecode.c.h; path = NSString_stripHtml.h; sourceTree = "<group>"; };
		1A3F8DC3207E0070000F4C8A /* Movie.h */ = {isa = PBXFileReference; lastKnownFileType = sourcecode.c.h; path = Movie.h; sourceTree = "<group>"; };
		1A3F8DC4207E0070000F4C8A /* Movie.m */ = {isa = PBXFileReference; lastKnownFileType = sourcecode.c.objc; path = Movie.m; sourceTree = "<group>"; };
		1A3F8DC6207E009C000F4C8A /* TVSeries.h */ = {isa = PBXFileReference; lastKnownFileType = sourcecode.c.h; path = TVSeries.h; sourceTree = "<group>"; };
		1A3F8DC7207E009C000F4C8A /* TVSeries.m */ = {isa = PBXFileReference; lastKnownFileType = sourcecode.c.objc; path = TVSeries.m; sourceTree = "<group>"; };
		1A47C1832072058200D63753 /* TVShowsOnTable.app */ = {isa = PBXFileReference; explicitFileType = wrapper.application; includeInIndex = 0; path = TVShowsOnTable.app; sourceTree = BUILT_PRODUCTS_DIR; };
		1A47C1862072058200D63753 /* AppDelegate.h */ = {isa = PBXFileReference; lastKnownFileType = sourcecode.c.h; path = AppDelegate.h; sourceTree = "<group>"; };
		1A47C1872072058200D63753 /* AppDelegate.m */ = {isa = PBXFileReference; lastKnownFileType = sourcecode.c.objc; path = AppDelegate.m; sourceTree = "<group>"; };
		1A47C1892072058200D63753 /* SearchVC.h */ = {isa = PBXFileReference; lastKnownFileType = sourcecode.c.h; path = SearchVC.h; sourceTree = "<group>"; };
		1A47C18A2072058200D63753 /* SearchVC.m */ = {isa = PBXFileReference; lastKnownFileType = sourcecode.c.objc; path = SearchVC.m; sourceTree = "<group>"; };
		1A47C18D2072058200D63753 /* Base */ = {isa = PBXFileReference; lastKnownFileType = file.storyboard; name = Base; path = Base.lproj/Main.storyboard; sourceTree = "<group>"; };
		1A47C1922072058200D63753 /* Base */ = {isa = PBXFileReference; lastKnownFileType = file.storyboard; name = Base; path = Base.lproj/LaunchScreen.storyboard; sourceTree = "<group>"; };
		1A47C1942072058300D63753 /* Info.plist */ = {isa = PBXFileReference; lastKnownFileType = text.plist.xml; path = Info.plist; sourceTree = "<group>"; };
		1A47C1952072058300D63753 /* main.m */ = {isa = PBXFileReference; lastKnownFileType = sourcecode.c.objc; path = main.m; sourceTree = "<group>"; };
		1A47C19B2072058300D63753 /* TVShowsOnTableTests.xctest */ = {isa = PBXFileReference; explicitFileType = wrapper.cfbundle; includeInIndex = 0; path = TVShowsOnTableTests.xctest; sourceTree = BUILT_PRODUCTS_DIR; };
		1A47C19F2072058300D63753 /* TVShowsOnTableTests.m */ = {isa = PBXFileReference; lastKnownFileType = sourcecode.c.objc; path = TVShowsOnTableTests.m; sourceTree = "<group>"; };
		1A47C1A12072058300D63753 /* Info.plist */ = {isa = PBXFileReference; lastKnownFileType = text.plist.xml; path = Info.plist; sourceTree = "<group>"; };
		1A47C1A62072058300D63753 /* TVShowsOnTableUITests.xctest */ = {isa = PBXFileReference; explicitFileType = wrapper.cfbundle; includeInIndex = 0; path = TVShowsOnTableUITests.xctest; sourceTree = BUILT_PRODUCTS_DIR; };
		1A47C1AA2072058300D63753 /* TVShowsOnTableUITests.m */ = {isa = PBXFileReference; lastKnownFileType = sourcecode.c.objc; path = TVShowsOnTableUITests.m; sourceTree = "<group>"; };
		1A47C1AC2072058300D63753 /* Info.plist */ = {isa = PBXFileReference; lastKnownFileType = text.plist.xml; path = Info.plist; sourceTree = "<group>"; };
		1A47C1B82072076E00D63753 /* TVShowsCell.h */ = {isa = PBXFileReference; lastKnownFileType = sourcecode.c.h; path = TVShowsCell.h; sourceTree = "<group>"; };
		1A47C1B92072076E00D63753 /* TVShowsCell.m */ = {isa = PBXFileReference; lastKnownFileType = sourcecode.c.objc; path = TVShowsCell.m; sourceTree = "<group>"; };
		1A47C1C12072321500D63753 /* DetailsViewController.h */ = {isa = PBXFileReference; lastKnownFileType = sourcecode.c.h; path = DetailsViewController.h; sourceTree = "<group>"; };
		1A47C1C22072321500D63753 /* DetailsViewController.m */ = {isa = PBXFileReference; lastKnownFileType = sourcecode.c.objc; path = DetailsViewController.m; sourceTree = "<group>"; };
		1A67FF1E20A5E10E00C4B256 /* PKMovieCellViewModel.h */ = {isa = PBXFileReference; lastKnownFileType = sourcecode.c.h; path = PKMovieCellViewModel.h; sourceTree = "<group>"; };
		1A67FF1F20A5E10E00C4B256 /* PKMovieCellViewModel.m */ = {isa = PBXFileReference; lastKnownFileType = sourcecode.c.objc; path = PKMovieCellViewModel.m; sourceTree = "<group>"; };
		1A67FF2120A5E12D00C4B256 /* PKTVTableViewCellViewModel.h */ = {isa = PBXFileReference; lastKnownFileType = sourcecode.c.h; path = PKTVTableViewCellViewModel.h; sourceTree = "<group>"; };
		1A67FF2220A5E12D00C4B256 /* PKTVTableViewCellViewModel.m */ = {isa = PBXFileReference; lastKnownFileType = sourcecode.c.objc; path = PKTVTableViewCellViewModel.m; sourceTree = "<group>"; };
		1A7A2B0720B6CE90009DA8C4 /* PKLoginVC.h */ = {isa = PBXFileReference; lastKnownFileType = sourcecode.c.h; path = PKLoginVC.h; sourceTree = "<group>"; };
		1A7A2B0820B6CE90009DA8C4 /* PKLoginVC.m */ = {isa = PBXFileReference; lastKnownFileType = sourcecode.c.objc; path = PKLoginVC.m; sourceTree = "<group>"; };
		1A7A2B0A20B6CEDE009DA8C4 /* LoginWidgetVM.h */ = {isa = PBXFileReference; lastKnownFileType = sourcecode.c.h; path = LoginWidgetVM.h; sourceTree = "<group>"; };
		1A7A2B0B20B6CEDE009DA8C4 /* LoginWidgetVM.m */ = {isa = PBXFileReference; lastKnownFileType = sourcecode.c.objc; path = LoginWidgetVM.m; sourceTree = "<group>"; };
		1A7A2B0F20B6D435009DA8C4 /* LoginWidget.xib */ = {isa = PBXFileReference; lastKnownFileType = file.xib; path = LoginWidget.xib; sourceTree = "<group>"; };
		1A7A2B1120B700C9009DA8C4 /* PKLoginWidgetView.h */ = {isa = PBXFileReference; lastKnownFileType = sourcecode.c.h; path = PKLoginWidgetView.h; sourceTree = "<group>"; };
		1A7A2B1220B700C9009DA8C4 /* PKLoginWidgetView.m */ = {isa = PBXFileReference; lastKnownFileType = sourcecode.c.objc; path = PKLoginWidgetView.m; sourceTree = "<group>"; };
		1A7BD8AE20A9660B00BF4C7B /* PKShowTableCellViewModel.h */ = {isa = PBXFileReference; lastKnownFileType = sourcecode.c.h; path = PKShowTableCellViewModel.h; sourceTree = "<group>"; };
		1A7BD8AF20A9660B00BF4C7B /* PKShowTableCellViewModel.m */ = {isa = PBXFileReference; lastKnownFileType = sourcecode.c.objc; path = PKShowTableCellViewModel.m; sourceTree = "<group>"; };
		1A93153820AD86F700C1A279 /* detailsVCImagesCell.xib */ = {isa = PBXFileReference; lastKnownFileType = file.xib; path = detailsVCImagesCell.xib; sourceTree = "<group>"; };
		1A93153A20AD882D00C1A279 /* detailsVCDescription.xib */ = {isa = PBXFileReference; lastKnownFileType = file.xib; path = detailsVCDescription.xib; sourceTree = "<group>"; };
		1A93153C20AD8C7A00C1A279 /* PKImagesCellDetailsVC.h */ = {isa = PBXFileReference; lastKnownFileType = sourcecode.c.h; path = PKImagesCellDetailsVC.h; sourceTree = "<group>"; };
		1A93153D20AD8C7A00C1A279 /* PKImagesCellDetailsVC.m */ = {isa = PBXFileReference; lastKnownFileType = sourcecode.c.objc; path = PKImagesCellDetailsVC.m; sourceTree = "<group>"; };
		1A93153F20AD8CE100C1A279 /* PKSummaryCellDetailsVC.h */ = {isa = PBXFileReference; lastKnownFileType = sourcecode.c.h; path = PKSummaryCellDetailsVC.h; sourceTree = "<group>"; };
		1A93154020AD8CE100C1A279 /* PKSummaryCellDetailsVC.m */ = {isa = PBXFileReference; lastKnownFileType = sourcecode.c.objc; path = PKSummaryCellDetailsVC.m; sourceTree = "<group>"; };
		1AC5D19620736690002FB850 /* Show.h */ = {isa = PBXFileReference; lastKnownFileType = sourcecode.c.h; name = Show.h; path = "TVShowsOnTable/Models/Show Models/Show.h"; sourceTree = SOURCE_ROOT; };
		1AC5D19720736690002FB850 /* Show.m */ = {isa = PBXFileReference; lastKnownFileType = sourcecode.c.objc; name = Show.m; path = "TVShowsOnTable/Models/Show Models/Show.m"; sourceTree = SOURCE_ROOT; };
		1ADBBA3720A02E30008588D1 /* AFSENetworkingDelegate.h */ = {isa = PBXFileReference; lastKnownFileType = sourcecode.c.h; path = AFSENetworkingDelegate.h; sourceTree = "<group>"; };
		1ADBBA3820A02F7D008588D1 /* PKNetworkManager.h */ = {isa = PBXFileReference; lastKnownFileType = sourcecode.c.h; path = PKNetworkManager.h; sourceTree = "<group>"; };
		1ADBBA3920A02F7D008588D1 /* PKNetworkManager.m */ = {isa = PBXFileReference; lastKnownFileType = sourcecode.c.objc; path = PKNetworkManager.m; sourceTree = "<group>"; };
		1AE2495F20B2A35E00FF7095 /* MJ Granada.ttf */ = {isa = PBXFileReference; lastKnownFileType = file; name = "MJ Granada.ttf"; path = "mikrojihad-font_mj-granada/MJ Granada.ttf"; sourceTree = "<group>"; };
		1AE2496220B2A74900FF7095 /* DELIGHT LETTERING SCRIPT-DEMO.ttf */ = {isa = PBXFileReference; lastKnownFileType = file; name = "DELIGHT LETTERING SCRIPT-DEMO.ttf"; path = "konstantine-studio_delight-lettering-script-demo/DELIGHT LETTERING SCRIPT-DEMO.ttf"; sourceTree = "<group>"; };
		1AE2496420B2ABD500FF7095 /* Rough Sketch.ttf */ = {isa = PBXFileReference; lastKnownFileType = file; name = "Rough Sketch.ttf"; path = "javapep_rough-sketch/Rough Sketch.ttf"; sourceTree = "<group>"; };
		1AE2496620B2AE3800FF7095 /* timeburnernormal.ttf */ = {isa = PBXFileReference; lastKnownFileType = file; name = timeburnernormal.ttf; path = nimavisual_timeburner/timeburnernormal.ttf; sourceTree = "<group>"; };
		1AE2496720B2AE3800FF7095 /* timeburnerbold.ttf */ = {isa = PBXFileReference; lastKnownFileType = file; name = timeburnerbold.ttf; path = nimavisual_timeburner/timeburnerbold.ttf; sourceTree = "<group>"; };
		1AE2496A20B2B0BF00FF7095 /* Flighter_PERSONAL_USE_ONLY.ttf */ = {isa = PBXFileReference; lastKnownFileType = file; name = Flighter_PERSONAL_USE_ONLY.ttf; path = "måns-grebäck_flighter-personal-use-only/Flighter_PERSONAL_USE_ONLY.ttf"; sourceTree = "<group>"; };
		1AE2496C20B2B42700FF7095 /* ADAM.CG PRO.otf */ = {isa = PBXFileReference; lastKnownFileType = file; path = "ADAM.CG PRO.otf"; sourceTree = "<group>"; };
		1AF62F3A2074B167005FC411 /* showData.json */ = {isa = PBXFileReference; lastKnownFileType = text.json; path = showData.json; sourceTree = "<group>"; };
/* End PBXFileReference section */

/* Begin PBXFrameworksBuildPhase section */
		1A47C1802072058200D63753 /* Frameworks */ = {
			isa = PBXFrameworksBuildPhase;
			buildActionMask = 2147483647;
			files = (
				1A0E8D54209B0DD1007F817B /* WebKit.framework in Frameworks */,
			);
			runOnlyForDeploymentPostprocessing = 0;
		};
		1A47C1982072058300D63753 /* Frameworks */ = {
			isa = PBXFrameworksBuildPhase;
			buildActionMask = 2147483647;
			files = (
			);
			runOnlyForDeploymentPostprocessing = 0;
		};
		1A47C1A32072058300D63753 /* Frameworks */ = {
			isa = PBXFrameworksBuildPhase;
			buildActionMask = 2147483647;
			files = (
			);
			runOnlyForDeploymentPostprocessing = 0;
		};
/* End PBXFrameworksBuildPhase section */

/* Begin PBXGroup section */
		1A098A3720B3F7E200A60A48 /* DetailsCell */ = {
			isa = PBXGroup;
			children = (
				1A93153F20AD8CE100C1A279 /* PKSummaryCellDetailsVC.h */,
				1A93154020AD8CE100C1A279 /* PKSummaryCellDetailsVC.m */,
				1A93153A20AD882D00C1A279 /* detailsVCDescription.xib */,
				1A098A3420B3EAE400A60A48 /* PKDetailsTableCellVM.h */,
				1A098A3520B3EAE400A60A48 /* PKDetailsTableCellVM.m */,
			);
			path = DetailsCell;
			sourceTree = "<group>";
		};
		1A098A3820B3F7FF00A60A48 /* ImagesCell */ = {
			isa = PBXGroup;
			children = (
				1A93153C20AD8C7A00C1A279 /* PKImagesCellDetailsVC.h */,
				1A93153D20AD8C7A00C1A279 /* PKImagesCellDetailsVC.m */,
				1A93153820AD86F700C1A279 /* detailsVCImagesCell.xib */,
				1A098A3920B3F83E00A60A48 /* PKDetailsImagesCellVM.h */,
				1A098A3A20B3F83E00A60A48 /* PKDetailsImagesCellVM.m */,
			);
			path = ImagesCell;
			sourceTree = "<group>";
		};
		1A0E8D52209B0DD1007F817B /* Frameworks */ = {
			isa = PBXGroup;
			children = (
				1A0E8D53209B0DD1007F817B /* WebKit.framework */,
			);
			name = Frameworks;
			sourceTree = "<group>";
		};
		1A22529320C18B3700B0106E /* Singleton */ = {
			isa = PBXGroup;
			children = (
				1A22529420C18B4900B0106E /* Session.h */,
				1A22529520C18B4900B0106E /* Session.m */,
			);
			path = Singleton;
			sourceTree = "<group>";
		};
		1A3303E420872D1C0062E1ED /* UI storyboard(s) */ = {
			isa = PBXGroup;
			children = (
				1A47C18C2072058200D63753 /* Main.storyboard */,
				1A47C1912072058200D63753 /* LaunchScreen.storyboard */,
			);
			path = "UI storyboard(s)";
			sourceTree = "<group>";
		};
		1A3303E520872DAF0062E1ED /* Categories */ = {
			isa = PBXGroup;
			children = (
				1A3303E620872DE60062E1ED /* UIColor+rgb.h */,
				1A3303E720872DE60062E1ED /* UIColor+rgb.m */,
				1A36078C208F162900572AB8 /* UIAlertController+AFSEAlertGenerator.h */,
				1A36078D208F162900572AB8 /* UIAlertController+AFSEAlertGenerator.m */,
			);
			path = Categories;
			sourceTree = "<group>";
		};
		1A3303EC208751240062E1ED /* Delegates */ = {
			isa = PBXGroup;
			children = (
				1A3303EE2087517C0062E1ED /* ButtonEventHandlingDelegate.h */,
				1ADBBA3720A02E30008588D1 /* AFSENetworkingDelegate.h */,
				1A02410620C674FB00B54F76 /* FavoritesHandlingDelegate.h */,
			);
			path = Delegates;
			sourceTree = "<group>";
		};
		1A3303ED2087513B0062E1ED /* Protocols */ = {
			isa = PBXGroup;
			children = (
				1A3303EC208751240062E1ED /* Delegates */,
			);
			path = Protocols;
			sourceTree = "<group>";
		};
		1A3E0CC52080B588006DB87A /* Helpers */ = {
			isa = PBXGroup;
			children = (
				1A3303E520872DAF0062E1ED /* Categories */,
				1A3E0CC72080B641006DB87A /* NSString_stripHtml.h */,
				1A3E0CC62080B641006DB87A /* NSString_stripHtml.m */,
			);
			path = Helpers;
			sourceTree = "<group>";
		};
		1A47C17A2072058200D63753 = {
			isa = PBXGroup;
			children = (
				1A47C1852072058200D63753 /* TVShowsOnTable */,
				1A47C19E2072058300D63753 /* TVShowsOnTableTests */,
				1A47C1A92072058300D63753 /* TVShowsOnTableUITests */,
				1A47C1842072058200D63753 /* Products */,
				1A0E8D52209B0DD1007F817B /* Frameworks */,
			);
			sourceTree = "<group>";
		};
		1A47C1842072058200D63753 /* Products */ = {
			isa = PBXGroup;
			children = (
				1A47C1832072058200D63753 /* TVShowsOnTable.app */,
				1A47C19B2072058300D63753 /* TVShowsOnTableTests.xctest */,
				1A47C1A62072058300D63753 /* TVShowsOnTableUITests.xctest */,
			);
			name = Products;
			sourceTree = "<group>";
		};
		1A47C1852072058200D63753 /* TVShowsOnTable */ = {
			isa = PBXGroup;
			children = (
				1AE2495E20B2A2BB00FF7095 /* Fonts */,
				1A3303ED2087513B0062E1ED /* Protocols */,
				1A3E0CC52080B588006DB87A /* Helpers */,
				1AF62F3C2074C123005FC411 /* Data */,
				1AC5D19320736657002FB850 /* Models */,
				1A47C1BE207230BA00D63753 /* TableCell */,
				1A47C1BB2072308100D63753 /* ViewControllers */,
				1A3303E420872D1C0062E1ED /* UI storyboard(s) */,
				1A36078F208F211700572AB8 /* Assets.xcassets */,
				1A47C1862072058200D63753 /* AppDelegate.h */,
				1A47C1872072058200D63753 /* AppDelegate.m */,
				1A47C1942072058300D63753 /* Info.plist */,
				1A47C1952072058300D63753 /* main.m */,
			);
			path = TVShowsOnTable;
			sourceTree = "<group>";
		};
		1A47C19E2072058300D63753 /* TVShowsOnTableTests */ = {
			isa = PBXGroup;
			children = (
				1A47C19F2072058300D63753 /* TVShowsOnTableTests.m */,
				1A47C1A12072058300D63753 /* Info.plist */,
			);
			path = TVShowsOnTableTests;
			sourceTree = "<group>";
		};
		1A47C1A92072058300D63753 /* TVShowsOnTableUITests */ = {
			isa = PBXGroup;
			children = (
				1A47C1AA2072058300D63753 /* TVShowsOnTableUITests.m */,
				1A47C1AC2072058300D63753 /* Info.plist */,
			);
			path = TVShowsOnTableUITests;
			sourceTree = "<group>";
		};
		1A47C1BB2072308100D63753 /* ViewControllers */ = {
			isa = PBXGroup;
			children = (
				1A10A89D20B45E8E005CC65E /* MasterTableVC.h */,
				1A10A89E20B45E8E005CC65E /* MasterTableVC.m */,
				1A7A2B0620B6CD60009DA8C4 /* Login */,
				1A7BD8B620A99F4300BF4C7B /* SearchVC */,
				1A7BD8B920A99FDC00BF4C7B /* PIckShowTypeVC */,
				1A7BD8B820A99FC800BF4C7B /* WebHandlerVC */,
				1A7BD8B720A99F6B00BF4C7B /* DetailsVC */,
				1A7BD8B220A992D300BF4C7B /* TVMazeViewControllers */,
			);
			path = ViewControllers;
			sourceTree = "<group>";
		};
		1A47C1BE207230BA00D63753 /* TableCell */ = {
			isa = PBXGroup;
			children = (
				1A93154220AD90DB00C1A279 /* DetailsVC TableCell */,
				1A7BD8B120A9912300BF4C7B /* TableCellViewModels */,
				1A47C1B92072076E00D63753 /* TVShowsCell.m */,
				1A47C1B82072076E00D63753 /* TVShowsCell.h */,
				1A360793209069FE00572AB8 /* ShowsCell.xib */,
			);
			path = TableCell;
			sourceTree = "<group>";
		};
		1A7A2B0220B6A97D009DA8C4 /* Show Models */ = {
			isa = PBXGroup;
			children = (
				1AC5D19720736690002FB850 /* Show.m */,
				1AC5D19620736690002FB850 /* Show.h */,
				1A3F8DC3207E0070000F4C8A /* Movie.h */,
				1A3F8DC4207E0070000F4C8A /* Movie.m */,
				1A3F8DC6207E009C000F4C8A /* TVSeries.h */,
				1A3F8DC7207E009C000F4C8A /* TVSeries.m */,
			);
			path = "Show Models";
			sourceTree = "<group>";
		};
		1A7A2B0320B6A992009DA8C4 /* Group Models */ = {
			isa = PBXGroup;
			children = (
				1A3CBA9A20970A0000718417 /* AFSEShowGroup.h */,
				1A3CBA9B20970A0000718417 /* AFSEShowGroup.m */,
			);
			path = "Group Models";
			sourceTree = "<group>";
		};
		1A7A2B0420B6A9B7009DA8C4 /* Networking Models */ = {
			isa = PBXGroup;
			children = (
				1ADBBA3820A02F7D008588D1 /* PKNetworkManager.h */,
				1ADBBA3920A02F7D008588D1 /* PKNetworkManager.m */,
			);
			path = "Networking Models";
			sourceTree = "<group>";
		};
		1A7A2B0520B6A9C7009DA8C4 /* Genre Models */ = {
			isa = PBXGroup;
			children = (
				1A3CBA9D2097496300718417 /* AFSEGenreModel.h */,
				1A3CBA9E2097496300718417 /* AFSEGenreModel.m */,
			);
			path = "Genre Models";
			sourceTree = "<group>";
		};
		1A7A2B0620B6CD60009DA8C4 /* Login */ = {
			isa = PBXGroup;
			children = (
				1A7A2B1120B700C9009DA8C4 /* PKLoginWidgetView.h */,
				1A7A2B1220B700C9009DA8C4 /* PKLoginWidgetView.m */,
				1A7A2B0F20B6D435009DA8C4 /* LoginWidget.xib */,
				1A7A2B0720B6CE90009DA8C4 /* PKLoginVC.h */,
				1A7A2B0820B6CE90009DA8C4 /* PKLoginVC.m */,
				1A7A2B0A20B6CEDE009DA8C4 /* LoginWidgetVM.h */,
				1A7A2B0B20B6CEDE009DA8C4 /* LoginWidgetVM.m */,
			);
			path = Login;
			sourceTree = "<group>";
		};
		1A7BD8B120A9912300BF4C7B /* TableCellViewModels */ = {
			isa = PBXGroup;
			children = (
				1A67FF1E20A5E10E00C4B256 /* PKMovieCellViewModel.h */,
				1A67FF1F20A5E10E00C4B256 /* PKMovieCellViewModel.m */,
				1A67FF2120A5E12D00C4B256 /* PKTVTableViewCellViewModel.h */,
				1A67FF2220A5E12D00C4B256 /* PKTVTableViewCellViewModel.m */,
				1A7BD8AE20A9660B00BF4C7B /* PKShowTableCellViewModel.h */,
				1A7BD8AF20A9660B00BF4C7B /* PKShowTableCellViewModel.m */,
			);
			path = TableCellViewModels;
			sourceTree = "<group>";
		};
		1A7BD8B220A992D300BF4C7B /* TVMazeViewControllers */ = {
			isa = PBXGroup;
			children = (
				1A3CBA942096E9B000718417 /* AFSETvMazeViewController.h */,
				1A3CBA952096E9B000718417 /* AFSETvMazeViewController.m */,
				1A3CBA972096F7FD00718417 /* AFSETvMazeDetailsVC.h */,
				1A3CBA982096F7FD00718417 /* AFSETvMazeDetailsVC.m */,
			);
			path = TVMazeViewControllers;
			sourceTree = "<group>";
		};
		1A7BD8B620A99F4300BF4C7B /* SearchVC */ = {
			isa = PBXGroup;
			children = (
				1A47C1892072058200D63753 /* SearchVC.h */,
				1A47C18A2072058200D63753 /* SearchVC.m */,
			);
			path = SearchVC;
			sourceTree = "<group>";
		};
		1A7BD8B720A99F6B00BF4C7B /* DetailsVC */ = {
			isa = PBXGroup;
			children = (
				1A47C1C12072321500D63753 /* DetailsViewController.h */,
				1A47C1C22072321500D63753 /* DetailsViewController.m */,
				1A10A8A020B464B8005CC65E /* DetailsVC.h */,
				1A10A8A120B464B8005CC65E /* DetailsVC.m */,
			);
			path = DetailsVC;
			sourceTree = "<group>";
		};
		1A7BD8B820A99FC800BF4C7B /* WebHandlerVC */ = {
			isa = PBXGroup;
			children = (
				1A0E8D4F209B0A5A007F817B /* AFSEWebContentHandlerVC.h */,
				1A0E8D50209B0A5A007F817B /* AFSEWebContentHandlerVC.m */,
			);
			path = WebHandlerVC;
			sourceTree = "<group>";
		};
		1A7BD8B920A99FDC00BF4C7B /* PIckShowTypeVC */ = {
			isa = PBXGroup;
			children = (
				1A3303E920874ABC0062E1ED /* PickShowTypeVC.h */,
				1A3303EA20874ABC0062E1ED /* PickShowTypeVC.m */,
			);
			path = PIckShowTypeVC;
			sourceTree = "<group>";
		};
		1A93154220AD90DB00C1A279 /* DetailsVC TableCell */ = {
			isa = PBXGroup;
			children = (
				1A098A3820B3F7FF00A60A48 /* ImagesCell */,
				1A098A3720B3F7E200A60A48 /* DetailsCell */,
			);
			path = "DetailsVC TableCell";
			sourceTree = "<group>";
		};
		1AC5D19320736657002FB850 /* Models */ = {
			isa = PBXGroup;
			children = (
				1A22529320C18B3700B0106E /* Singleton */,
				1A7A2B0220B6A97D009DA8C4 /* Show Models */,
				1A7A2B0520B6A9C7009DA8C4 /* Genre Models */,
				1A7A2B0420B6A9B7009DA8C4 /* Networking Models */,
				1A7A2B0320B6A992009DA8C4 /* Group Models */,
				1A22529020C1768100B0106E /* List.h */,
				1A22529120C1768100B0106E /* List.m */,
			);
			path = Models;
			sourceTree = "<group>";
		};
		1AE2495E20B2A2BB00FF7095 /* Fonts */ = {
			isa = PBXGroup;
			children = (
				1AE2496720B2AE3800FF7095 /* timeburnerbold.ttf */,
				1AE2496620B2AE3800FF7095 /* timeburnernormal.ttf */,
				1AE2496420B2ABD500FF7095 /* Rough Sketch.ttf */,
				1AE2495F20B2A35E00FF7095 /* MJ Granada.ttf */,
				1AE2496220B2A74900FF7095 /* DELIGHT LETTERING SCRIPT-DEMO.ttf */,
				1AE2496A20B2B0BF00FF7095 /* Flighter_PERSONAL_USE_ONLY.ttf */,
				1AE2496C20B2B42700FF7095 /* ADAM.CG PRO.otf */,
			);
			path = Fonts;
			sourceTree = "<group>";
		};
		1AF62F3C2074C123005FC411 /* Data */ = {
			isa = PBXGroup;
			children = (
				1AF62F3A2074B167005FC411 /* showData.json */,
			);
			path = Data;
			sourceTree = "<group>";
		};
/* End PBXGroup section */

/* Begin PBXNativeTarget section */
		1A47C1822072058200D63753 /* TVShowsOnTable */ = {
			isa = PBXNativeTarget;
			buildConfigurationList = 1A47C1AF2072058300D63753 /* Build configuration list for PBXNativeTarget "TVShowsOnTable" */;
			buildPhases = (
				1A47C17F2072058200D63753 /* Sources */,
				1A47C1802072058200D63753 /* Frameworks */,
				1A47C1812072058200D63753 /* Resources */,
			);
			buildRules = (
			);
			dependencies = (
			);
			name = TVShowsOnTable;
			productName = TVShowsOnTable;
			productReference = 1A47C1832072058200D63753 /* TVShowsOnTable.app */;
			productType = "com.apple.product-type.application";
		};
		1A47C19A2072058300D63753 /* TVShowsOnTableTests */ = {
			isa = PBXNativeTarget;
			buildConfigurationList = 1A47C1B22072058300D63753 /* Build configuration list for PBXNativeTarget "TVShowsOnTableTests" */;
			buildPhases = (
				1A47C1972072058300D63753 /* Sources */,
				1A47C1982072058300D63753 /* Frameworks */,
				1A47C1992072058300D63753 /* Resources */,
			);
			buildRules = (
			);
			dependencies = (
				1A47C19D2072058300D63753 /* PBXTargetDependency */,
			);
			name = TVShowsOnTableTests;
			productName = TVShowsOnTableTests;
			productReference = 1A47C19B2072058300D63753 /* TVShowsOnTableTests.xctest */;
			productType = "com.apple.product-type.bundle.unit-test";
		};
		1A47C1A52072058300D63753 /* TVShowsOnTableUITests */ = {
			isa = PBXNativeTarget;
			buildConfigurationList = 1A47C1B52072058300D63753 /* Build configuration list for PBXNativeTarget "TVShowsOnTableUITests" */;
			buildPhases = (
				1A47C1A22072058300D63753 /* Sources */,
				1A47C1A32072058300D63753 /* Frameworks */,
				1A47C1A42072058300D63753 /* Resources */,
			);
			buildRules = (
			);
			dependencies = (
				1A47C1A82072058300D63753 /* PBXTargetDependency */,
			);
			name = TVShowsOnTableUITests;
			productName = TVShowsOnTableUITests;
			productReference = 1A47C1A62072058300D63753 /* TVShowsOnTableUITests.xctest */;
			productType = "com.apple.product-type.bundle.ui-testing";
		};
/* End PBXNativeTarget section */

/* Begin PBXProject section */
		1A47C17B2072058200D63753 /* Project object */ = {
			isa = PBXProject;
			attributes = {
				CLASSPREFIX = AFSE;
				LastUpgradeCheck = 0930;
				ORGANIZATIONNAME = AFSE;
				TargetAttributes = {
					1A47C1822072058200D63753 = {
						CreatedOnToolsVersion = 9.2;
						ProvisioningStyle = Automatic;
					};
					1A47C19A2072058300D63753 = {
						CreatedOnToolsVersion = 9.2;
						ProvisioningStyle = Automatic;
						TestTargetID = 1A47C1822072058200D63753;
					};
					1A47C1A52072058300D63753 = {
						CreatedOnToolsVersion = 9.2;
						ProvisioningStyle = Automatic;
						TestTargetID = 1A47C1822072058200D63753;
					};
				};
			};
			buildConfigurationList = 1A47C17E2072058200D63753 /* Build configuration list for PBXProject "TVShowsOnTable" */;
			compatibilityVersion = "Xcode 8.0";
			developmentRegion = en;
			hasScannedForEncodings = 0;
			knownRegions = (
				en,
				Base,
			);
			mainGroup = 1A47C17A2072058200D63753;
			productRefGroup = 1A47C1842072058200D63753 /* Products */;
			projectDirPath = "";
			projectRoot = "";
			targets = (
				1A47C1822072058200D63753 /* TVShowsOnTable */,
				1A47C19A2072058300D63753 /* TVShowsOnTableTests */,
				1A47C1A52072058300D63753 /* TVShowsOnTableUITests */,
			);
		};
/* End PBXProject section */

/* Begin PBXResourcesBuildPhase section */
		1A47C1812072058200D63753 /* Resources */ = {
			isa = PBXResourcesBuildPhase;
			buildActionMask = 2147483647;
			files = (
				1A360794209069FE00572AB8 /* ShowsCell.xib in Resources */,
				1AF62F3D2074C95A005FC411 /* showData.json in Resources */,
				1A47C1932072058200D63753 /* LaunchScreen.storyboard in Resources */,
				1AE2496520B2ABD600FF7095 /* Rough Sketch.ttf in Resources */,
				1A93153920AD86F700C1A279 /* detailsVCImagesCell.xib in Resources */,
				1A93153B20AD882D00C1A279 /* detailsVCDescription.xib in Resources */,
				1AE2496820B2AE3900FF7095 /* timeburnernormal.ttf in Resources */,
				1A360790208F211700572AB8 /* Assets.xcassets in Resources */,
				1AE2496920B2AE3900FF7095 /* timeburnerbold.ttf in Resources */,
				1A47C18E2072058200D63753 /* Main.storyboard in Resources */,
				1AE2496D20B2B42800FF7095 /* ADAM.CG PRO.otf in Resources */,
				1A7A2B1020B6D435009DA8C4 /* LoginWidget.xib in Resources */,
				1AE2496020B2A35F00FF7095 /* MJ Granada.ttf in Resources */,
				1AE2496320B2AA4500FF7095 /* DELIGHT LETTERING SCRIPT-DEMO.ttf in Resources */,
				1AE2496B20B2B0BF00FF7095 /* Flighter_PERSONAL_USE_ONLY.ttf in Resources */,
			);
			runOnlyForDeploymentPostprocessing = 0;
		};
		1A47C1992072058300D63753 /* Resources */ = {
			isa = PBXResourcesBuildPhase;
			buildActionMask = 2147483647;
			files = (
			);
			runOnlyForDeploymentPostprocessing = 0;
		};
		1A47C1A42072058300D63753 /* Resources */ = {
			isa = PBXResourcesBuildPhase;
			buildActionMask = 2147483647;
			files = (
				1AE2496120B2A35F00FF7095 /* MJ Granada.ttf in Resources */,
			);
			runOnlyForDeploymentPostprocessing = 0;
		};
/* End PBXResourcesBuildPhase section */

/* Begin PBXSourcesBuildPhase section */
		1A47C17F2072058200D63753 /* Sources */ = {
			isa = PBXSourcesBuildPhase;
			buildActionMask = 2147483647;
			files = (
				1A67FF2020A5E10E00C4B256 /* PKMovieCellViewModel.m in Sources */,
				1A7A2B1320B700C9009DA8C4 /* PKLoginWidgetView.m in Sources */,
				1A47C18B2072058200D63753 /* SearchVC.m in Sources */,
				1A93153E20AD8C7A00C1A279 /* PKImagesCellDetailsVC.m in Sources */,
				1A3CBA9C20970A0000718417 /* AFSEShowGroup.m in Sources */,
				1A7BD8B020A9660B00BF4C7B /* PKShowTableCellViewModel.m in Sources */,
				1A3303E820872DE60062E1ED /* UIColor+rgb.m in Sources */,
				1A47C1C32072321500D63753 /* DetailsViewController.m in Sources */,
				1A22529620C18B4900B0106E /* Session.m in Sources */,
				1A3F8DC5207E0070000F4C8A /* Movie.m in Sources */,
				1A098A3620B3EAE400A60A48 /* PKDetailsTableCellVM.m in Sources */,
				1A36078E208F162900572AB8 /* UIAlertController+AFSEAlertGenerator.m in Sources */,
				1A67FF2320A5E12D00C4B256 /* PKTVTableViewCellViewModel.m in Sources */,
				1A47C1962072058300D63753 /* main.m in Sources */,
				1A93154120AD8CE100C1A279 /* PKSummaryCellDetailsVC.m in Sources */,
				1A7A2B0920B6CE90009DA8C4 /* PKLoginVC.m in Sources */,
				1A47C1BA2072076E00D63753 /* TVShowsCell.m in Sources */,
				1ADBBA3A20A02F7D008588D1 /* PKNetworkManager.m in Sources */,
				1AC5D19820736690002FB850 /* Show.m in Sources */,
				1A47C1882072058200D63753 /* AppDelegate.m in Sources */,
				1A7A2B0C20B6CEDE009DA8C4 /* LoginWidgetVM.m in Sources */,
				1A10A89F20B45E8E005CC65E /* MasterTableVC.m in Sources */,
				1A3F8DC8207E009C000F4C8A /* TVSeries.m in Sources */,
				1A3E0CC82080B641006DB87A /* NSString_stripHtml.m in Sources */,
				1A0E8D51209B0A5A007F817B /* AFSEWebContentHandlerVC.m in Sources */,
				1A3CBA9F2097496300718417 /* AFSEGenreModel.m in Sources */,
				1A22529220C1768100B0106E /* List.m in Sources */,
				1A098A3B20B3F83E00A60A48 /* PKDetailsImagesCellVM.m in Sources */,
				1A3303EB20874ABC0062E1ED /* PickShowTypeVC.m in Sources */,
				1A10A8A220B464B8005CC65E /* DetailsVC.m in Sources */,
				1A3CBA962096E9B000718417 /* AFSETvMazeViewController.m in Sources */,
				1A3CBA992096F7FD00718417 /* AFSETvMazeDetailsVC.m in Sources */,
			);
			runOnlyForDeploymentPostprocessing = 0;
		};
		1A47C1972072058300D63753 /* Sources */ = {
			isa = PBXSourcesBuildPhase;
			buildActionMask = 2147483647;
			files = (
				1A47C1A02072058300D63753 /* TVShowsOnTableTests.m in Sources */,
			);
			runOnlyForDeploymentPostprocessing = 0;
		};
		1A47C1A22072058300D63753 /* Sources */ = {
			isa = PBXSourcesBuildPhase;
			buildActionMask = 2147483647;
			files = (
				1A47C1AB2072058300D63753 /* TVShowsOnTableUITests.m in Sources */,
			);
			runOnlyForDeploymentPostprocessing = 0;
		};
/* End PBXSourcesBuildPhase section */

/* Begin PBXTargetDependency section */
		1A47C19D2072058300D63753 /* PBXTargetDependency */ = {
			isa = PBXTargetDependency;
			target = 1A47C1822072058200D63753 /* TVShowsOnTable */;
			targetProxy = 1A47C19C2072058300D63753 /* PBXContainerItemProxy */;
		};
		1A47C1A82072058300D63753 /* PBXTargetDependency */ = {
			isa = PBXTargetDependency;
			target = 1A47C1822072058200D63753 /* TVShowsOnTable */;
			targetProxy = 1A47C1A72072058300D63753 /* PBXContainerItemProxy */;
		};
/* End PBXTargetDependency section */

/* Begin PBXVariantGroup section */
		1A47C18C2072058200D63753 /* Main.storyboard */ = {
			isa = PBXVariantGroup;
			children = (
				1A47C18D2072058200D63753 /* Base */,
			);
			name = Main.storyboard;
			sourceTree = "<group>";
		};
		1A47C1912072058200D63753 /* LaunchScreen.storyboard */ = {
			isa = PBXVariantGroup;
			children = (
				1A47C1922072058200D63753 /* Base */,
			);
			name = LaunchScreen.storyboard;
			sourceTree = "<group>";
		};
/* End PBXVariantGroup section */

/* Begin XCBuildConfiguration section */
		1A47C1AD2072058300D63753 /* Debug */ = {
			isa = XCBuildConfiguration;
			buildSettings = {
				ALWAYS_SEARCH_USER_PATHS = NO;
				CLANG_ANALYZER_NONNULL = YES;
				CLANG_ANALYZER_NUMBER_OBJECT_CONVERSION = YES_AGGRESSIVE;
				CLANG_CXX_LANGUAGE_STANDARD = "gnu++14";
				CLANG_CXX_LIBRARY = "libc++";
				CLANG_ENABLE_MODULES = YES;
				CLANG_ENABLE_OBJC_ARC = YES;
				CLANG_WARN_BLOCK_CAPTURE_AUTORELEASING = YES;
				CLANG_WARN_BOOL_CONVERSION = YES;
				CLANG_WARN_COMMA = YES;
				CLANG_WARN_CONSTANT_CONVERSION = YES;
				CLANG_WARN_DEPRECATED_OBJC_IMPLEMENTATIONS = YES;
				CLANG_WARN_DIRECT_OBJC_ISA_USAGE = YES_ERROR;
				CLANG_WARN_DOCUMENTATION_COMMENTS = YES;
				CLANG_WARN_EMPTY_BODY = YES;
				CLANG_WARN_ENUM_CONVERSION = YES;
				CLANG_WARN_INFINITE_RECURSION = YES;
				CLANG_WARN_INT_CONVERSION = YES;
				CLANG_WARN_NON_LITERAL_NULL_CONVERSION = YES;
				CLANG_WARN_OBJC_IMPLICIT_RETAIN_SELF = YES;
				CLANG_WARN_OBJC_LITERAL_CONVERSION = YES;
				CLANG_WARN_OBJC_ROOT_CLASS = YES_ERROR;
				CLANG_WARN_RANGE_LOOP_ANALYSIS = YES;
				CLANG_WARN_STRICT_PROTOTYPES = YES;
				CLANG_WARN_SUSPICIOUS_MOVE = YES;
				CLANG_WARN_UNGUARDED_AVAILABILITY = YES_AGGRESSIVE;
				CLANG_WARN_UNREACHABLE_CODE = YES;
				CLANG_WARN__DUPLICATE_METHOD_MATCH = YES;
				CODE_SIGN_IDENTITY = "iPhone Developer";
				COPY_PHASE_STRIP = NO;
				DEBUG_INFORMATION_FORMAT = dwarf;
				ENABLE_STRICT_OBJC_MSGSEND = YES;
				ENABLE_TESTABILITY = YES;
				GCC_C_LANGUAGE_STANDARD = gnu11;
				GCC_DYNAMIC_NO_PIC = NO;
				GCC_NO_COMMON_BLOCKS = YES;
				GCC_OPTIMIZATION_LEVEL = 0;
				GCC_PREPROCESSOR_DEFINITIONS = (
					"DEBUG=1",
					"$(inherited)",
				);
				GCC_WARN_64_TO_32_BIT_CONVERSION = YES;
				GCC_WARN_ABOUT_RETURN_TYPE = YES_ERROR;
				GCC_WARN_UNDECLARED_SELECTOR = YES;
				GCC_WARN_UNINITIALIZED_AUTOS = YES_AGGRESSIVE;
				GCC_WARN_UNUSED_FUNCTION = YES;
				GCC_WARN_UNUSED_VARIABLE = YES;
				IPHONEOS_DEPLOYMENT_TARGET = 11.2;
				MTL_ENABLE_DEBUG_INFO = YES;
				ONLY_ACTIVE_ARCH = YES;
				SDKROOT = iphoneos;
			};
			name = Debug;
		};
		1A47C1AE2072058300D63753 /* Release */ = {
			isa = XCBuildConfiguration;
			buildSettings = {
				ALWAYS_SEARCH_USER_PATHS = NO;
				CLANG_ANALYZER_NONNULL = YES;
				CLANG_ANALYZER_NUMBER_OBJECT_CONVERSION = YES_AGGRESSIVE;
				CLANG_CXX_LANGUAGE_STANDARD = "gnu++14";
				CLANG_CXX_LIBRARY = "libc++";
				CLANG_ENABLE_MODULES = YES;
				CLANG_ENABLE_OBJC_ARC = YES;
				CLANG_WARN_BLOCK_CAPTURE_AUTORELEASING = YES;
				CLANG_WARN_BOOL_CONVERSION = YES;
				CLANG_WARN_COMMA = YES;
				CLANG_WARN_CONSTANT_CONVERSION = YES;
				CLANG_WARN_DEPRECATED_OBJC_IMPLEMENTATIONS = YES;
				CLANG_WARN_DIRECT_OBJC_ISA_USAGE = YES_ERROR;
				CLANG_WARN_DOCUMENTATION_COMMENTS = YES;
				CLANG_WARN_EMPTY_BODY = YES;
				CLANG_WARN_ENUM_CONVERSION = YES;
				CLANG_WARN_INFINITE_RECURSION = YES;
				CLANG_WARN_INT_CONVERSION = YES;
				CLANG_WARN_NON_LITERAL_NULL_CONVERSION = YES;
				CLANG_WARN_OBJC_IMPLICIT_RETAIN_SELF = YES;
				CLANG_WARN_OBJC_LITERAL_CONVERSION = YES;
				CLANG_WARN_OBJC_ROOT_CLASS = YES_ERROR;
				CLANG_WARN_RANGE_LOOP_ANALYSIS = YES;
				CLANG_WARN_STRICT_PROTOTYPES = YES;
				CLANG_WARN_SUSPICIOUS_MOVE = YES;
				CLANG_WARN_UNGUARDED_AVAILABILITY = YES_AGGRESSIVE;
				CLANG_WARN_UNREACHABLE_CODE = YES;
				CLANG_WARN__DUPLICATE_METHOD_MATCH = YES;
				CODE_SIGN_IDENTITY = "iPhone Developer";
				COPY_PHASE_STRIP = NO;
				DEBUG_INFORMATION_FORMAT = "dwarf-with-dsym";
				ENABLE_NS_ASSERTIONS = NO;
				ENABLE_STRICT_OBJC_MSGSEND = YES;
				GCC_C_LANGUAGE_STANDARD = gnu11;
				GCC_NO_COMMON_BLOCKS = YES;
				GCC_WARN_64_TO_32_BIT_CONVERSION = YES;
				GCC_WARN_ABOUT_RETURN_TYPE = YES_ERROR;
				GCC_WARN_UNDECLARED_SELECTOR = YES;
				GCC_WARN_UNINITIALIZED_AUTOS = YES_AGGRESSIVE;
				GCC_WARN_UNUSED_FUNCTION = YES;
				GCC_WARN_UNUSED_VARIABLE = YES;
				IPHONEOS_DEPLOYMENT_TARGET = 11.2;
				MTL_ENABLE_DEBUG_INFO = NO;
				SDKROOT = iphoneos;
				VALIDATE_PRODUCT = YES;
			};
			name = Release;
		};
		1A47C1B02072058300D63753 /* Debug */ = {
			isa = XCBuildConfiguration;
			buildSettings = {
				ASSETCATALOG_COMPILER_APPICON_NAME = AppIcon;
				CODE_SIGN_STYLE = Automatic;
				DEVELOPMENT_TEAM = JQF5RM3G2P;
				INFOPLIST_FILE = TVShowsOnTable/Info.plist;
				LD_RUNPATH_SEARCH_PATHS = "$(inherited) @executable_path/Frameworks";
				PRODUCT_BUNDLE_IDENTIFIER = com.panagiotis.TVShowsOnTable.TVShowsOnTable;
				PRODUCT_NAME = "$(TARGET_NAME)";
				TARGETED_DEVICE_FAMILY = "1,2";
			};
			name = Debug;
		};
		1A47C1B12072058300D63753 /* Release */ = {
			isa = XCBuildConfiguration;
			buildSettings = {
				ASSETCATALOG_COMPILER_APPICON_NAME = AppIcon;
				CODE_SIGN_STYLE = Automatic;
				DEVELOPMENT_TEAM = JQF5RM3G2P;
				INFOPLIST_FILE = TVShowsOnTable/Info.plist;
				LD_RUNPATH_SEARCH_PATHS = "$(inherited) @executable_path/Frameworks";
				PRODUCT_BUNDLE_IDENTIFIER = com.panagiotis.TVShowsOnTable.TVShowsOnTable;
				PRODUCT_NAME = "$(TARGET_NAME)";
				TARGETED_DEVICE_FAMILY = "1,2";
			};
			name = Release;
		};
		1A47C1B32072058300D63753 /* Debug */ = {
			isa = XCBuildConfiguration;
			buildSettings = {
				BUNDLE_LOADER = "$(TEST_HOST)";
				CODE_SIGN_STYLE = Automatic;
				DEVELOPMENT_TEAM = JQF5RM3G2P;
				INFOPLIST_FILE = TVShowsOnTableTests/Info.plist;
				LD_RUNPATH_SEARCH_PATHS = "$(inherited) @executable_path/Frameworks @loader_path/Frameworks";
				PRODUCT_BUNDLE_IDENTIFIER = com.panagiotis.TVShowsOnTable.TVShowsOnTableTests;
				PRODUCT_NAME = "$(TARGET_NAME)";
				TARGETED_DEVICE_FAMILY = "1,2";
				TEST_HOST = "$(BUILT_PRODUCTS_DIR)/TVShowsOnTable.app/TVShowsOnTable";
			};
			name = Debug;
		};
		1A47C1B42072058300D63753 /* Release */ = {
			isa = XCBuildConfiguration;
			buildSettings = {
				BUNDLE_LOADER = "$(TEST_HOST)";
				CODE_SIGN_STYLE = Automatic;
				DEVELOPMENT_TEAM = JQF5RM3G2P;
				INFOPLIST_FILE = TVShowsOnTableTests/Info.plist;
				LD_RUNPATH_SEARCH_PATHS = "$(inherited) @executable_path/Frameworks @loader_path/Frameworks";
				PRODUCT_BUNDLE_IDENTIFIER = com.panagiotis.TVShowsOnTable.TVShowsOnTableTests;
				PRODUCT_NAME = "$(TARGET_NAME)";
				TARGETED_DEVICE_FAMILY = "1,2";
				TEST_HOST = "$(BUILT_PRODUCTS_DIR)/TVShowsOnTable.app/TVShowsOnTable";
			};
			name = Release;
		};
		1A47C1B62072058300D63753 /* Debug */ = {
			isa = XCBuildConfiguration;
			buildSettings = {
				CODE_SIGN_STYLE = Automatic;
				DEVELOPMENT_TEAM = JQF5RM3G2P;
				INFOPLIST_FILE = TVShowsOnTableUITests/Info.plist;
				LD_RUNPATH_SEARCH_PATHS = "$(inherited) @executable_path/Frameworks @loader_path/Frameworks";
				PRODUCT_BUNDLE_IDENTIFIER = com.panagiotis.TVShowsOnTable.TVShowsOnTableUITests;
				PRODUCT_NAME = "$(TARGET_NAME)";
				TARGETED_DEVICE_FAMILY = "1,2";
				TEST_TARGET_NAME = TVShowsOnTable;
			};
			name = Debug;
		};
		1A47C1B72072058300D63753 /* Release */ = {
			isa = XCBuildConfiguration;
			buildSettings = {
				CODE_SIGN_STYLE = Automatic;
				DEVELOPMENT_TEAM = JQF5RM3G2P;
				INFOPLIST_FILE = TVShowsOnTableUITests/Info.plist;
				LD_RUNPATH_SEARCH_PATHS = "$(inherited) @executable_path/Frameworks @loader_path/Frameworks";
				PRODUCT_BUNDLE_IDENTIFIER = com.panagiotis.TVShowsOnTable.TVShowsOnTableUITests;
				PRODUCT_NAME = "$(TARGET_NAME)";
				TARGETED_DEVICE_FAMILY = "1,2";
				TEST_TARGET_NAME = TVShowsOnTable;
			};
			name = Release;
		};
/* End XCBuildConfiguration section */

/* Begin XCConfigurationList section */
		1A47C17E2072058200D63753 /* Build configuration list for PBXProject "TVShowsOnTable" */ = {
			isa = XCConfigurationList;
			buildConfigurations = (
				1A47C1AD2072058300D63753 /* Debug */,
				1A47C1AE2072058300D63753 /* Release */,
			);
			defaultConfigurationIsVisible = 0;
			defaultConfigurationName = Release;
		};
		1A47C1AF2072058300D63753 /* Build configuration list for PBXNativeTarget "TVShowsOnTable" */ = {
			isa = XCConfigurationList;
			buildConfigurations = (
				1A47C1B02072058300D63753 /* Debug */,
				1A47C1B12072058300D63753 /* Release */,
			);
			defaultConfigurationIsVisible = 0;
			defaultConfigurationName = Release;
		};
		1A47C1B22072058300D63753 /* Build configuration list for PBXNativeTarget "TVShowsOnTableTests" */ = {
			isa = XCConfigurationList;
			buildConfigurations = (
				1A47C1B32072058300D63753 /* Debug */,
				1A47C1B42072058300D63753 /* Release */,
			);
			defaultConfigurationIsVisible = 0;
			defaultConfigurationName = Release;
		};
		1A47C1B52072058300D63753 /* Build configuration list for PBXNativeTarget "TVShowsOnTableUITests" */ = {
			isa = XCConfigurationList;
			buildConfigurations = (
				1A47C1B62072058300D63753 /* Debug */,
				1A47C1B72072058300D63753 /* Release */,
			);
			defaultConfigurationIsVisible = 0;
			defaultConfigurationName = Release;
		};
/* End XCConfigurationList section */
	};
	rootObject = 1A47C17B2072058200D63753 /* Project object */;
}
